// !$*UTF8*$!
{
	archiveVersion = 1;
	classes = {
	};
	objectVersion = 55;
	objects = {

/* Begin PBXBuildFile section */
		2EBA4152D5BE816777DE1C0D /* Pods_FINPO.framework in Frameworks */ = {isa = PBXBuildFile; fileRef = E8C359964EE7DD4BDB36F374 /* Pods_FINPO.framework */; };
		A84962D89FDB101D3AF40A45 /* Pods_FINPO.framework in Frameworks */ = {isa = PBXBuildFile; fileRef = CBBBC53683444A104C13159C /* Pods_FINPO.framework */; };
		DD1BFFB62863013600ACAAE1 /* HomeViewController.swift in Sources */ = {isa = PBXBuildFile; fileRef = DD1BFFB52863013600ACAAE1 /* HomeViewController.swift */; };
		DD1BFFB9286307BD00ACAAE1 /* HomeTableViewCell.swift in Sources */ = {isa = PBXBuildFile; fileRef = DD1BFFB8286307BD00ACAAE1 /* HomeTableViewCell.swift */; };
		DD1BFFBB2863143D00ACAAE1 /* HomeViewModel.swift in Sources */ = {isa = PBXBuildFile; fileRef = DD1BFFBA2863143D00ACAAE1 /* HomeViewModel.swift */; };
		DD1BFFBD2863312200ACAAE1 /* SearchPolicyAPI.swift in Sources */ = {isa = PBXBuildFile; fileRef = DD1BFFBC2863312200ACAAE1 /* SearchPolicyAPI.swift */; };
		DD1BFFBF2863316200ACAAE1 /* SearchModel.swift in Sources */ = {isa = PBXBuildFile; fileRef = DD1BFFBE2863316200ACAAE1 /* SearchModel.swift */; };
		DD1E994D28B28E8300C80272 /* CommunityboardResponseModel.swift in Sources */ = {isa = PBXBuildFile; fileRef = DD1E994C28B28E8300C80272 /* CommunityboardResponseModel.swift */; };
		DD1E994F28B32A5C00C80272 /* ApiManager.swift in Sources */ = {isa = PBXBuildFile; fileRef = DD1E994E28B32A5C00C80272 /* ApiManager.swift */; };
		DD1E995128B368E900C80272 /* BoolResponseModel.swift in Sources */ = {isa = PBXBuildFile; fileRef = DD1E995028B368E900C80272 /* BoolResponseModel.swift */; };
		DD1E995328B4DC8100C80272 /* DynamicHeightCollectionView.swift in Sources */ = {isa = PBXBuildFile; fileRef = DD1E995228B4DC8100C80272 /* DynamicHeightCollectionView.swift */; };
		DD1E995528B4DF4500C80272 /* CommunityDetailViewController.swift in Sources */ = {isa = PBXBuildFile; fileRef = DD1E995428B4DF4400C80272 /* CommunityDetailViewController.swift */; };
		DD1E995728B5322B00C80272 /* CommunityDetailViewModel.swift in Sources */ = {isa = PBXBuildFile; fileRef = DD1E995628B5322B00C80272 /* CommunityDetailViewModel.swift */; };
		DD1E995928B5335100C80272 /* CommunityDetailBoardResponseModel.swift in Sources */ = {isa = PBXBuildFile; fileRef = DD1E995828B5335100C80272 /* CommunityDetailBoardResponseModel.swift */; };
		DD1E995B28B66A1D00C80272 /* CommunityCollectionViewCell.swift in Sources */ = {isa = PBXBuildFile; fileRef = DD1E995A28B66A1D00C80272 /* CommunityCollectionViewCell.swift */; };
		DD1E995D28B681BC00C80272 /* CommunityCommentResponseModel.swift in Sources */ = {isa = PBXBuildFile; fileRef = DD1E995C28B681BC00C80272 /* CommunityCommentResponseModel.swift */; };
		DD1E995F28B8DA5A00C80272 /* DynamicHeightTableView.swift in Sources */ = {isa = PBXBuildFile; fileRef = DD1E995E28B8DA5A00C80272 /* DynamicHeightTableView.swift */; };
		DD1E996128BB23CC00C80272 /* ComponentsManager.swift in Sources */ = {isa = PBXBuildFile; fileRef = DD1E996028BB23CC00C80272 /* ComponentsManager.swift */; };
		DD1EC9712861B23000B58F10 /* SignOutAPI.swift in Sources */ = {isa = PBXBuildFile; fileRef = DD1EC9702861B23000B58F10 /* SignOutAPI.swift */; };
		DD2EA46628487F730004D707 /* AppDelegate.swift in Sources */ = {isa = PBXBuildFile; fileRef = DD2EA46528487F730004D707 /* AppDelegate.swift */; };
		DD2EA46828487F730004D707 /* SceneDelegate.swift in Sources */ = {isa = PBXBuildFile; fileRef = DD2EA46728487F730004D707 /* SceneDelegate.swift */; };
		DD2EA46A28487F730004D707 /* LoginViewController.swift in Sources */ = {isa = PBXBuildFile; fileRef = DD2EA46928487F730004D707 /* LoginViewController.swift */; };
		DD2EA46F28487F770004D707 /* Assets.xcassets in Resources */ = {isa = PBXBuildFile; fileRef = DD2EA46E28487F770004D707 /* Assets.xcassets */; };
		DD2EA47228487F770004D707 /* LaunchScreen.storyboard in Resources */ = {isa = PBXBuildFile; fileRef = DD2EA47028487F770004D707 /* LaunchScreen.storyboard */; };
		DD351A97288AC9DE0097A63F /* OnBoardingViewController.swift in Sources */ = {isa = PBXBuildFile; fileRef = DD351A96288AC9DE0097A63F /* OnBoardingViewController.swift */; };
		DD4D4930288478BB00E25AB6 /* DeleteParticipationAPI.swift in Sources */ = {isa = PBXBuildFile; fileRef = DD4D492F288478BB00E25AB6 /* DeleteParticipationAPI.swift */; };
		DD4D493528856C2A00E25AB6 /* CommunityMainViewController.swift in Sources */ = {isa = PBXBuildFile; fileRef = DD4D493428856C2A00E25AB6 /* CommunityMainViewController.swift */; };
		DD50F7AA287DCA1200ADEB09 /* InterestCategoryViewController.swift in Sources */ = {isa = PBXBuildFile; fileRef = DD50F7A9287DCA1200ADEB09 /* InterestCategoryViewController.swift */; };
		DD50F7AD287DD5C600ADEB09 /* MyInterestCategoryModel.swift in Sources */ = {isa = PBXBuildFile; fileRef = DD50F7AC287DD5C600ADEB09 /* MyInterestCategoryModel.swift */; };
		DD50F7AF287E762D00ADEB09 /* LowCategoryModel.swift in Sources */ = {isa = PBXBuildFile; fileRef = DD50F7AE287E762D00ADEB09 /* LowCategoryModel.swift */; };
		DD5A18D2286CAE3A00903616 /* BaseURL.swift in Sources */ = {isa = PBXBuildFile; fileRef = DD5A18D1286CAE3A00903616 /* BaseURL.swift */; };
		DD5A18D4286D389F00903616 /* FilterCollectionViewCell.swift in Sources */ = {isa = PBXBuildFile; fileRef = DD5A18D3286D389F00903616 /* FilterCollectionViewCell.swift */; };
		DD5A18D6286D568500903616 /* CategoryModel.swift in Sources */ = {isa = PBXBuildFile; fileRef = DD5A18D5286D568500903616 /* CategoryModel.swift */; };
		DD5A18D8286D577300903616 /* CallCategoryAPI.swift in Sources */ = {isa = PBXBuildFile; fileRef = DD5A18D7286D577300903616 /* CallCategoryAPI.swift */; };
		DD5A18DD286DE16F00903616 /* FirebaseMessaging in Frameworks */ = {isa = PBXBuildFile; productRef = DD5A18DC286DE16F00903616 /* FirebaseMessaging */; };
		DD5A18E1286F321500903616 /* HomeDetailViewController.swift in Sources */ = {isa = PBXBuildFile; fileRef = DD5A18E0286F321500903616 /* HomeDetailViewController.swift */; };
		DD5A18E3286FEAEA00903616 /* ServiceInfoViewController.swift in Sources */ = {isa = PBXBuildFile; fileRef = DD5A18E2286FEAEA00903616 /* ServiceInfoViewController.swift */; };
		DD5A18E5286FEB0300903616 /* ApplyInfoViewController.swift in Sources */ = {isa = PBXBuildFile; fileRef = DD5A18E4286FEB0300903616 /* ApplyInfoViewController.swift */; };
		DD5A18E72870227C00903616 /* DetailInfoModel.swift in Sources */ = {isa = PBXBuildFile; fileRef = DD5A18E62870227C00903616 /* DetailInfoModel.swift */; };
		DD5A18E92870257800903616 /* SearchDetailPolicyAPI.swift in Sources */ = {isa = PBXBuildFile; fileRef = DD5A18E82870257800903616 /* SearchDetailPolicyAPI.swift */; };
		DD5A18EC2871C1C400903616 /* PolicyTypeCollectionViewCell.swift in Sources */ = {isa = PBXBuildFile; fileRef = DD5A18EB2871C1C400903616 /* PolicyTypeCollectionViewCell.swift */; };
		DD5A18EE2871D25F00903616 /* ServiceTypeCollectionViewCell.swift in Sources */ = {isa = PBXBuildFile; fileRef = DD5A18ED2871D25F00903616 /* ServiceTypeCollectionViewCell.swift */; };
		DD5A18F028728F2C00903616 /* MyRequestInterceptor.swift in Sources */ = {isa = PBXBuildFile; fileRef = DD5A18EF28728F2C00903616 /* MyRequestInterceptor.swift */; };
		DD5A18F228731C7700903616 /* AddParticipatedAPI.swift in Sources */ = {isa = PBXBuildFile; fileRef = DD5A18F128731C7600903616 /* AddParticipatedAPI.swift */; };
		DD5A18F42873484400903616 /* MemoViewController.swift in Sources */ = {isa = PBXBuildFile; fileRef = DD5A18F32873484400903616 /* MemoViewController.swift */; };
		DD5A18F62873FB6500903616 /* MyPolicySearchAPI.swift in Sources */ = {isa = PBXBuildFile; fileRef = DD5A18F52873FB6500903616 /* MyPolicySearchAPI.swift */; };
		DD5A18F82874309400903616 /* BookMarkAPI.swift in Sources */ = {isa = PBXBuildFile; fileRef = DD5A18F72874309400903616 /* BookMarkAPI.swift */; };
		DD5A18FC2875AD7B00903616 /* InterestRegionViewController.swift in Sources */ = {isa = PBXBuildFile; fileRef = DD5A18FB2875AD7B00903616 /* InterestRegionViewController.swift */; };
		DD5A18FE2875AD9600903616 /* MyRegionViewController.swift in Sources */ = {isa = PBXBuildFile; fileRef = DD5A18FD2875AD9600903616 /* MyRegionViewController.swift */; };
		DD5A19002875ADF800903616 /* EditRegionViewController.swift in Sources */ = {isa = PBXBuildFile; fileRef = DD5A18FF2875ADF800903616 /* EditRegionViewController.swift */; };
		DD5A19032875BFEE00903616 /* UserInfoAPI.swift in Sources */ = {isa = PBXBuildFile; fileRef = DD5A19022875BFEE00903616 /* UserInfoAPI.swift */; };
		DD5A19052875C03D00903616 /* UserDataModel.swift in Sources */ = {isa = PBXBuildFile; fileRef = DD5A19042875C03D00903616 /* UserDataModel.swift */; };
		DD5A19072876C83D00903616 /* ParticipationViewController.swift in Sources */ = {isa = PBXBuildFile; fileRef = DD5A19062876C83C00903616 /* ParticipationViewController.swift */; };
		DD5A190A2876D0A200903616 /* UserParticipatedModel.swift in Sources */ = {isa = PBXBuildFile; fileRef = DD5A19092876D0A200903616 /* UserParticipatedModel.swift */; };
		DD5A190C2876D85200903616 /* ParticipationTableViewCell.swift in Sources */ = {isa = PBXBuildFile; fileRef = DD5A190B2876D85200903616 /* ParticipationTableViewCell.swift */; };
		DD60A0BC288715B2004E9015 /* ServiceTypeTableViewCell.swift in Sources */ = {isa = PBXBuildFile; fileRef = DD60A0BB288715B2004E9015 /* ServiceTypeTableViewCell.swift */; };
		DD60A0BE2887D122004E9015 /* OpenSourceViewController.swift in Sources */ = {isa = PBXBuildFile; fileRef = DD60A0BD2887D122004E9015 /* OpenSourceViewController.swift */; };
		DD60A0C02887D1E2004E9015 /* OpenAPI.swift in Sources */ = {isa = PBXBuildFile; fileRef = DD60A0BF2887D1E2004E9015 /* OpenAPI.swift */; };
		DD60A0C22887D216004E9015 /* OpenAPIModel.swift in Sources */ = {isa = PBXBuildFile; fileRef = DD60A0C12887D216004E9015 /* OpenAPIModel.swift */; };
		DD60A0C42887D71B004E9015 /* OpenSourceTableViewCell.swift in Sources */ = {isa = PBXBuildFile; fileRef = DD60A0C32887D71B004E9015 /* OpenSourceTableViewCell.swift */; };
		DD60A0C62887DD89004E9015 /* Settings.bundle in Resources */ = {isa = PBXBuildFile; fileRef = DD60A0C52887DD89004E9015 /* Settings.bundle */; };
		DD60C1D6287E98F6003B201E /* ForWhatAPI.swift in Sources */ = {isa = PBXBuildFile; fileRef = DD60C1D5287E98F6003B201E /* ForWhatAPI.swift */; };
		DD60C1D8287EF36F003B201E /* UserResponseModel.swift in Sources */ = {isa = PBXBuildFile; fileRef = DD60C1D7287EF36F003B201E /* UserResponseModel.swift */; };
		DD60C1DA287F130B003B201E /* CategoryAlarmViewController.swift in Sources */ = {isa = PBXBuildFile; fileRef = DD60C1D9287F130B003B201E /* CategoryAlarmViewController.swift */; };
		DD60C1DC287F2BD3003B201E /* CategoryAlarmViewModel.swift in Sources */ = {isa = PBXBuildFile; fileRef = DD60C1DB287F2BD3003B201E /* CategoryAlarmViewModel.swift */; };
		DD60C1DE287F31C1003B201E /* MyAlarmIsOnModel.swift in Sources */ = {isa = PBXBuildFile; fileRef = DD60C1DD287F31C1003B201E /* MyAlarmIsOnModel.swift */; };
		DD60C1E028811611003B201E /* RegionAlarmViewController.swift in Sources */ = {isa = PBXBuildFile; fileRef = DD60C1DF28811611003B201E /* RegionAlarmViewController.swift */; };
		DD60C1E22881320F003B201E /* EditUserInfoViewController.swift in Sources */ = {isa = PBXBuildFile; fileRef = DD60C1E12881320F003B201E /* EditUserInfoViewController.swift */; };
		DD60C1E428813278003B201E /* EditUserInfoViewModel.swift in Sources */ = {isa = PBXBuildFile; fileRef = DD60C1E328813278003B201E /* EditUserInfoViewModel.swift */; };
		DD60C1E62882D945003B201E /* MyPolicyTestModel.swift in Sources */ = {isa = PBXBuildFile; fileRef = DD60C1E52882D945003B201E /* MyPolicyTestModel.swift */; };
		DD61256F2879D0F3002FBF4D /* BookmarkViewController.swift in Sources */ = {isa = PBXBuildFile; fileRef = DD61256E2879D0F2002FBF4D /* BookmarkViewController.swift */; };
		DD6125722879D953002FBF4D /* BookmarkViewModel.swift in Sources */ = {isa = PBXBuildFile; fileRef = DD6125712879D953002FBF4D /* BookmarkViewModel.swift */; };
		DD612576287B0451002FBF4D /* BookmarkCollectionViewCell.swift in Sources */ = {isa = PBXBuildFile; fileRef = DD612575287B0451002FBF4D /* BookmarkCollectionViewCell.swift */; };
		DD612578287C0CA3002FBF4D /* FCMAPI.swift in Sources */ = {isa = PBXBuildFile; fileRef = DD612577287C0CA3002FBF4D /* FCMAPI.swift */; };
		DD61257A287C3942002FBF4D /* AlarmViewController.swift in Sources */ = {isa = PBXBuildFile; fileRef = DD612579287C3942002FBF4D /* AlarmViewController.swift */; };
		DD61257D287C3CAE002FBF4D /* AlarmViewModel.swift in Sources */ = {isa = PBXBuildFile; fileRef = DD61257C287C3CAE002FBF4D /* AlarmViewModel.swift */; };
		DD61257F287C3D11002FBF4D /* AlarmAPI.swift in Sources */ = {isa = PBXBuildFile; fileRef = DD61257E287C3D11002FBF4D /* AlarmAPI.swift */; };
		DD612581287C3D58002FBF4D /* AlarmModel.swift in Sources */ = {isa = PBXBuildFile; fileRef = DD612580287C3D58002FBF4D /* AlarmModel.swift */; };
		DD612583287C3FFF002FBF4D /* AlarmTableViewCell.swift in Sources */ = {isa = PBXBuildFile; fileRef = DD612582287C3FFF002FBF4D /* AlarmTableViewCell.swift */; };
		DD90E99A284B434600B19B8C /* LoginDetailViewModel.swift in Sources */ = {isa = PBXBuildFile; fileRef = DD90E999284B434600B19B8C /* LoginDetailViewModel.swift */; };
		DD90E99E284CEE8600B19B8C /* Terms.swift in Sources */ = {isa = PBXBuildFile; fileRef = DD90E99D284CEE8600B19B8C /* Terms.swift */; };
		DD90E9A5284CF78700B19B8C /* Reactive.swift in Sources */ = {isa = PBXBuildFile; fileRef = DD90E9A4284CF78700B19B8C /* Reactive.swift */; };
		DD90E9A7284CF78D00B19B8C /* UIButton.swift in Sources */ = {isa = PBXBuildFile; fileRef = DD90E9A6284CF78D00B19B8C /* UIButton.swift */; };
		DD90E9AF284D199D00B19B8C /* TermsCell.xib in Resources */ = {isa = PBXBuildFile; fileRef = DD90E9AD284D199D00B19B8C /* TermsCell.xib */; };
		DD90E9B0284D199D00B19B8C /* TermsCell.swift in Sources */ = {isa = PBXBuildFile; fileRef = DD90E9AE284D199D00B19B8C /* TermsCell.swift */; };
		DD90E9B4284DD0F300B19B8C /* LoginBasicInfoViewController.swift in Sources */ = {isa = PBXBuildFile; fileRef = DD90E9B3284DD0F300B19B8C /* LoginBasicInfoViewController.swift */; };
		DD90E9B8284DDFA200B19B8C /* User.swift in Sources */ = {isa = PBXBuildFile; fileRef = DD90E9B7284DDFA200B19B8C /* User.swift */; };
		DDAC8EBF284884F80092CB25 /* LoginViewModel.swift in Sources */ = {isa = PBXBuildFile; fileRef = DDAC8EBE284884F80092CB25 /* LoginViewModel.swift */; };
		DDAC8EC22848A36C0092CB25 /* LoginDetailViewController.swift in Sources */ = {isa = PBXBuildFile; fileRef = DDAC8EC12848A36C0092CB25 /* LoginDetailViewController.swift */; };
		DDAF7C47289A98D300D1F1FD /* ParticipationCollectionViewCell.swift in Sources */ = {isa = PBXBuildFile; fileRef = DDAF7C46289A98D300D1F1FD /* ParticipationCollectionViewCell.swift */; };
		DDAF7C8228A6585100D1F1FD /* SocialLoginAPI.swift in Sources */ = {isa = PBXBuildFile; fileRef = DDAF7C8128A6585100D1F1FD /* SocialLoginAPI.swift */; };
		DDB1CCA2285EE1F800B42EDC /* MyPageSettingViewController.swift in Sources */ = {isa = PBXBuildFile; fileRef = DDB1CCA1285EE1F800B42EDC /* MyPageSettingViewController.swift */; };
		DDB1CCA4285EED3600B42EDC /* SettingTableViewCell.swift in Sources */ = {isa = PBXBuildFile; fileRef = DDB1CCA3285EED3600B42EDC /* SettingTableViewCell.swift */; };
		DDB1CCA7285F5C5B00B42EDC /* BoardTableViewCell.swift in Sources */ = {isa = PBXBuildFile; fileRef = DDB1CCA6285F5C5B00B42EDC /* BoardTableViewCell.swift */; };
		DDB419BD2863612C005868ED /* APIEventLogger.swift in Sources */ = {isa = PBXBuildFile; fileRef = DDB419BC2863612C005868ED /* APIEventLogger.swift */; };
		DDB419BF2863626E005868ED /* API.swift in Sources */ = {isa = PBXBuildFile; fileRef = DDB419BE2863626E005868ED /* API.swift */; };
		DDBFEEA628571689003E9662 /* Kingfisher in Frameworks */ = {isa = PBXBuildFile; productRef = DDBFEEA528571689003E9662 /* Kingfisher */; };
		DDBFEEA828578FD2003E9662 /* UnderlineSegmentedControl.swift in Sources */ = {isa = PBXBuildFile; fileRef = DDBFEEA728578FD2003E9662 /* UnderlineSegmentedControl.swift */; };
		DDBFEEAA285792DD003E9662 /* WriteMySelfViewController.swift in Sources */ = {isa = PBXBuildFile; fileRef = DDBFEEA9285792DD003E9662 /* WriteMySelfViewController.swift */; };
		DDBFEEAC285792EC003E9662 /* CommentMySelfViewController.swift in Sources */ = {isa = PBXBuildFile; fileRef = DDBFEEAB285792EC003E9662 /* CommentMySelfViewController.swift */; };
		DDBFEEAE285792F7003E9662 /* LikeMySelfViewController.swift in Sources */ = {isa = PBXBuildFile; fileRef = DDBFEEAD285792F7003E9662 /* LikeMySelfViewController.swift */; };
		DDBFEEB628586A4F003E9662 /* launchScreen_logo.png in Resources */ = {isa = PBXBuildFile; fileRef = DDBFEEB528586A4F003E9662 /* launchScreen_logo.png */; };
		DDBFEEB82859E162003E9662 /* MyAuthenticationCredential.swift in Sources */ = {isa = PBXBuildFile; fileRef = DDBFEEB72859E162003E9662 /* MyAuthenticationCredential.swift */; };
		DDBFEEBB2859E675003E9662 /* MyAuthenticator.swift in Sources */ = {isa = PBXBuildFile; fileRef = DDBFEEBA2859E675003E9662 /* MyAuthenticator.swift */; };
		DDBFEEC0285A21FE003E9662 /* PaddingLabel.swift in Sources */ = {isa = PBXBuildFile; fileRef = DDBFEEBF285A21FE003E9662 /* PaddingLabel.swift */; };
		DDBFEEC2285AEDE3003E9662 /* TagCollectionViewCell.swift in Sources */ = {isa = PBXBuildFile; fileRef = DDBFEEC1285AEDE3003E9662 /* TagCollectionViewCell.swift */; };
		DDBFEEC4285B4F08003E9662 /* AddRegionViewController.swift in Sources */ = {isa = PBXBuildFile; fileRef = DDBFEEC3285B4F08003E9662 /* AddRegionViewController.swift */; };
		DDBFEEC6285B5134003E9662 /* LeftAlignedCollectionViewFlowLayout.swift in Sources */ = {isa = PBXBuildFile; fileRef = DDBFEEC5285B5134003E9662 /* LeftAlignedCollectionViewFlowLayout.swift */; };
		DDBFEEC8285E25E8003E9662 /* AddPurposeViewController.swift in Sources */ = {isa = PBXBuildFile; fileRef = DDBFEEC7285E25E8003E9662 /* AddPurposeViewController.swift */; };
		DDE615CC2894054C0067040B /* CommunityViewModel.swift in Sources */ = {isa = PBXBuildFile; fileRef = DDE615CB2894054C0067040B /* CommunityViewModel.swift */; };
		DDE615CE2897A4890067040B /* KeyChain.swift in Sources */ = {isa = PBXBuildFile; fileRef = DDE615CD2897A4890067040B /* KeyChain.swift */; };
		DDE61609289A84AD0067040B /* HomeCollectionViewCell.swift in Sources */ = {isa = PBXBuildFile; fileRef = DDE61608289A84AD0067040B /* HomeCollectionViewCell.swift */; };
		DDE6160B289A8DCD0067040B /* GoogleService-Info.plist in Resources */ = {isa = PBXBuildFile; fileRef = DDE6160A289A8DCD0067040B /* GoogleService-Info.plist */; };
		DDECAE952866C28B001C48D3 /* AddPurposeCollectionViewCell.swift in Sources */ = {isa = PBXBuildFile; fileRef = DDECAE942866C28B001C48D3 /* AddPurposeCollectionViewCell.swift */; };
		DDECAE9728674BCF001C48D3 /* LoginSuccessViewController.swift in Sources */ = {isa = PBXBuildFile; fileRef = DDECAE9628674BCF001C48D3 /* LoginSuccessViewController.swift */; };
		DDECAE9A286AB0E3001C48D3 /* FilterViewController.swift in Sources */ = {isa = PBXBuildFile; fileRef = DDECAE99286AB0E3001C48D3 /* FilterViewController.swift */; };
		DDECAE9C286AF317001C48D3 /* LastSignUpAPI.swift in Sources */ = {isa = PBXBuildFile; fileRef = DDECAE9B286AF317001C48D3 /* LastSignUpAPI.swift */; };
		DDECAE9E286B2949001C48D3 /* CallMyRegionAPI.swift in Sources */ = {isa = PBXBuildFile; fileRef = DDECAE9D286B2949001C48D3 /* CallMyRegionAPI.swift */; };
		DDECAEA0286B564B001C48D3 /* FilterRegionViewController.swift in Sources */ = {isa = PBXBuildFile; fileRef = DDECAE9F286B564B001C48D3 /* FilterRegionViewController.swift */; };
		DDFD6EE0284DFC3200A1706F /* UIKitExtension.swift in Sources */ = {isa = PBXBuildFile; fileRef = DDFD6EDF284DFC3200A1706F /* UIKitExtension.swift */; };
		DDFD6EE2284F2A8800A1706F /* LoginRegionViewController.swift in Sources */ = {isa = PBXBuildFile; fileRef = DDFD6EE1284F2A8800A1706F /* LoginRegionViewController.swift */; };
		DDFD6EE4284F840F00A1706F /* MainRegionTableViewCell.swift in Sources */ = {isa = PBXBuildFile; fileRef = DDFD6EE3284F840F00A1706F /* MainRegionTableViewCell.swift */; };
		DDFD6EE628506C1000A1706F /* SubRegionTableViewCell.swift in Sources */ = {isa = PBXBuildFile; fileRef = DDFD6EE528506C1000A1706F /* SubRegionTableViewCell.swift */; };
		DDFD6EE82852F48400A1706F /* LoginInterestViewController.swift in Sources */ = {isa = PBXBuildFile; fileRef = DDFD6EE72852F48400A1706F /* LoginInterestViewController.swift */; };
		DDFD6EEA2854B2B000A1706F /* InterestCollectionViewCell.swift in Sources */ = {isa = PBXBuildFile; fileRef = DDFD6EE92854B2B000A1706F /* InterestCollectionViewCell.swift */; };
		DDFD6EEC2855B34600A1706F /* LoginSemiCompleteViewController.swift in Sources */ = {isa = PBXBuildFile; fileRef = DDFD6EEB2855B34600A1706F /* LoginSemiCompleteViewController.swift */; };
		DDFD6EEE2856489000A1706F /* HomeTapViewController.swift in Sources */ = {isa = PBXBuildFile; fileRef = DDFD6EED2856489000A1706F /* HomeTapViewController.swift */; };
		DDFD6EF12856494600A1706F /* MyPageViewController.swift in Sources */ = {isa = PBXBuildFile; fileRef = DDFD6EF02856494600A1706F /* MyPageViewController.swift */; };
		DDFD6EF62856555700A1706F /* MyPageViewModel.swift in Sources */ = {isa = PBXBuildFile; fileRef = DDFD6EF52856555700A1706F /* MyPageViewModel.swift */; };
/* End PBXBuildFile section */

/* Begin PBXFileReference section */
		270C28813D04C9316FCC87A8 /* Pods-FINPO.release.xcconfig */ = {isa = PBXFileReference; includeInIndex = 1; lastKnownFileType = text.xcconfig; name = "Pods-FINPO.release.xcconfig"; path = "Target Support Files/Pods-FINPO/Pods-FINPO.release.xcconfig"; sourceTree = "<group>"; };
		BFCA014EE683AACD32E6826C /* Pods-FINPO.debug.xcconfig */ = {isa = PBXFileReference; includeInIndex = 1; lastKnownFileType = text.xcconfig; name = "Pods-FINPO.debug.xcconfig"; path = "Target Support Files/Pods-FINPO/Pods-FINPO.debug.xcconfig"; sourceTree = "<group>"; };
		CBBBC53683444A104C13159C /* Pods_FINPO.framework */ = {isa = PBXFileReference; explicitFileType = wrapper.framework; includeInIndex = 0; path = Pods_FINPO.framework; sourceTree = BUILT_PRODUCTS_DIR; };
		DD1BFFB52863013600ACAAE1 /* HomeViewController.swift */ = {isa = PBXFileReference; lastKnownFileType = sourcecode.swift; path = HomeViewController.swift; sourceTree = "<group>"; };
		DD1BFFB8286307BD00ACAAE1 /* HomeTableViewCell.swift */ = {isa = PBXFileReference; lastKnownFileType = sourcecode.swift; path = HomeTableViewCell.swift; sourceTree = "<group>"; };
		DD1BFFBA2863143D00ACAAE1 /* HomeViewModel.swift */ = {isa = PBXFileReference; lastKnownFileType = sourcecode.swift; path = HomeViewModel.swift; sourceTree = "<group>"; };
		DD1BFFBC2863312200ACAAE1 /* SearchPolicyAPI.swift */ = {isa = PBXFileReference; lastKnownFileType = sourcecode.swift; path = SearchPolicyAPI.swift; sourceTree = "<group>"; };
		DD1BFFBE2863316200ACAAE1 /* SearchModel.swift */ = {isa = PBXFileReference; lastKnownFileType = sourcecode.swift; path = SearchModel.swift; sourceTree = "<group>"; };
		DD1E994C28B28E8300C80272 /* CommunityboardResponseModel.swift */ = {isa = PBXFileReference; lastKnownFileType = sourcecode.swift; path = CommunityboardResponseModel.swift; sourceTree = "<group>"; };
		DD1E994E28B32A5C00C80272 /* ApiManager.swift */ = {isa = PBXFileReference; lastKnownFileType = sourcecode.swift; path = ApiManager.swift; sourceTree = "<group>"; };
		DD1E995028B368E900C80272 /* BoolResponseModel.swift */ = {isa = PBXFileReference; lastKnownFileType = sourcecode.swift; path = BoolResponseModel.swift; sourceTree = "<group>"; };
		DD1E995228B4DC8100C80272 /* DynamicHeightCollectionView.swift */ = {isa = PBXFileReference; lastKnownFileType = sourcecode.swift; path = DynamicHeightCollectionView.swift; sourceTree = "<group>"; };
		DD1E995428B4DF4400C80272 /* CommunityDetailViewController.swift */ = {isa = PBXFileReference; lastKnownFileType = sourcecode.swift; path = CommunityDetailViewController.swift; sourceTree = "<group>"; };
		DD1E995628B5322B00C80272 /* CommunityDetailViewModel.swift */ = {isa = PBXFileReference; lastKnownFileType = sourcecode.swift; path = CommunityDetailViewModel.swift; sourceTree = "<group>"; };
		DD1E995828B5335100C80272 /* CommunityDetailBoardResponseModel.swift */ = {isa = PBXFileReference; lastKnownFileType = sourcecode.swift; path = CommunityDetailBoardResponseModel.swift; sourceTree = "<group>"; };
		DD1E995A28B66A1D00C80272 /* CommunityCollectionViewCell.swift */ = {isa = PBXFileReference; lastKnownFileType = sourcecode.swift; path = CommunityCollectionViewCell.swift; sourceTree = "<group>"; };
		DD1E995C28B681BC00C80272 /* CommunityCommentResponseModel.swift */ = {isa = PBXFileReference; lastKnownFileType = sourcecode.swift; path = CommunityCommentResponseModel.swift; sourceTree = "<group>"; };
		DD1E995E28B8DA5A00C80272 /* DynamicHeightTableView.swift */ = {isa = PBXFileReference; lastKnownFileType = sourcecode.swift; path = DynamicHeightTableView.swift; sourceTree = "<group>"; };
		DD1E996028BB23CC00C80272 /* ComponentsManager.swift */ = {isa = PBXFileReference; lastKnownFileType = sourcecode.swift; path = ComponentsManager.swift; sourceTree = "<group>"; };
		DD1EC9702861B23000B58F10 /* SignOutAPI.swift */ = {isa = PBXFileReference; lastKnownFileType = sourcecode.swift; path = SignOutAPI.swift; sourceTree = "<group>"; };
		DD2EA46228487F730004D707 /* FINPO.app */ = {isa = PBXFileReference; explicitFileType = wrapper.application; includeInIndex = 0; path = FINPO.app; sourceTree = BUILT_PRODUCTS_DIR; };
		DD2EA46528487F730004D707 /* AppDelegate.swift */ = {isa = PBXFileReference; lastKnownFileType = sourcecode.swift; path = AppDelegate.swift; sourceTree = "<group>"; };
		DD2EA46728487F730004D707 /* SceneDelegate.swift */ = {isa = PBXFileReference; lastKnownFileType = sourcecode.swift; path = SceneDelegate.swift; sourceTree = "<group>"; };
		DD2EA46928487F730004D707 /* LoginViewController.swift */ = {isa = PBXFileReference; lastKnownFileType = sourcecode.swift; path = LoginViewController.swift; sourceTree = "<group>"; };
		DD2EA46E28487F770004D707 /* Assets.xcassets */ = {isa = PBXFileReference; lastKnownFileType = folder.assetcatalog; path = Assets.xcassets; sourceTree = "<group>"; };
		DD2EA47128487F770004D707 /* Base */ = {isa = PBXFileReference; lastKnownFileType = file.storyboard; name = Base; path = Base.lproj/LaunchScreen.storyboard; sourceTree = "<group>"; };
		DD2EA47328487F770004D707 /* Info.plist */ = {isa = PBXFileReference; lastKnownFileType = text.plist.xml; path = Info.plist; sourceTree = "<group>"; };
		DD351A96288AC9DE0097A63F /* OnBoardingViewController.swift */ = {isa = PBXFileReference; lastKnownFileType = sourcecode.swift; path = OnBoardingViewController.swift; sourceTree = "<group>"; };
		DD4D492F288478BB00E25AB6 /* DeleteParticipationAPI.swift */ = {isa = PBXFileReference; lastKnownFileType = sourcecode.swift; path = DeleteParticipationAPI.swift; sourceTree = "<group>"; };
		DD4D493428856C2A00E25AB6 /* CommunityMainViewController.swift */ = {isa = PBXFileReference; lastKnownFileType = sourcecode.swift; path = CommunityMainViewController.swift; sourceTree = "<group>"; };
		DD50F7A9287DCA1200ADEB09 /* InterestCategoryViewController.swift */ = {isa = PBXFileReference; lastKnownFileType = sourcecode.swift; path = InterestCategoryViewController.swift; sourceTree = "<group>"; };
		DD50F7AC287DD5C600ADEB09 /* MyInterestCategoryModel.swift */ = {isa = PBXFileReference; lastKnownFileType = sourcecode.swift; path = MyInterestCategoryModel.swift; sourceTree = "<group>"; };
		DD50F7AE287E762D00ADEB09 /* LowCategoryModel.swift */ = {isa = PBXFileReference; lastKnownFileType = sourcecode.swift; path = LowCategoryModel.swift; sourceTree = "<group>"; };
		DD5A18D1286CAE3A00903616 /* BaseURL.swift */ = {isa = PBXFileReference; lastKnownFileType = sourcecode.swift; path = BaseURL.swift; sourceTree = "<group>"; };
		DD5A18D3286D389F00903616 /* FilterCollectionViewCell.swift */ = {isa = PBXFileReference; lastKnownFileType = sourcecode.swift; path = FilterCollectionViewCell.swift; sourceTree = "<group>"; };
		DD5A18D5286D568500903616 /* CategoryModel.swift */ = {isa = PBXFileReference; lastKnownFileType = sourcecode.swift; path = CategoryModel.swift; sourceTree = "<group>"; };
		DD5A18D7286D577300903616 /* CallCategoryAPI.swift */ = {isa = PBXFileReference; lastKnownFileType = sourcecode.swift; path = CallCategoryAPI.swift; sourceTree = "<group>"; };
		DD5A18E0286F321500903616 /* HomeDetailViewController.swift */ = {isa = PBXFileReference; lastKnownFileType = sourcecode.swift; path = HomeDetailViewController.swift; sourceTree = "<group>"; };
		DD5A18E2286FEAEA00903616 /* ServiceInfoViewController.swift */ = {isa = PBXFileReference; lastKnownFileType = sourcecode.swift; path = ServiceInfoViewController.swift; sourceTree = "<group>"; };
		DD5A18E4286FEB0300903616 /* ApplyInfoViewController.swift */ = {isa = PBXFileReference; lastKnownFileType = sourcecode.swift; path = ApplyInfoViewController.swift; sourceTree = "<group>"; };
		DD5A18E62870227C00903616 /* DetailInfoModel.swift */ = {isa = PBXFileReference; lastKnownFileType = sourcecode.swift; path = DetailInfoModel.swift; sourceTree = "<group>"; };
		DD5A18E82870257800903616 /* SearchDetailPolicyAPI.swift */ = {isa = PBXFileReference; lastKnownFileType = sourcecode.swift; path = SearchDetailPolicyAPI.swift; sourceTree = "<group>"; };
		DD5A18EB2871C1C400903616 /* PolicyTypeCollectionViewCell.swift */ = {isa = PBXFileReference; lastKnownFileType = sourcecode.swift; path = PolicyTypeCollectionViewCell.swift; sourceTree = "<group>"; };
		DD5A18ED2871D25F00903616 /* ServiceTypeCollectionViewCell.swift */ = {isa = PBXFileReference; lastKnownFileType = sourcecode.swift; path = ServiceTypeCollectionViewCell.swift; sourceTree = "<group>"; };
		DD5A18EF28728F2C00903616 /* MyRequestInterceptor.swift */ = {isa = PBXFileReference; lastKnownFileType = sourcecode.swift; path = MyRequestInterceptor.swift; sourceTree = "<group>"; };
		DD5A18F128731C7600903616 /* AddParticipatedAPI.swift */ = {isa = PBXFileReference; lastKnownFileType = sourcecode.swift; path = AddParticipatedAPI.swift; sourceTree = "<group>"; };
		DD5A18F32873484400903616 /* MemoViewController.swift */ = {isa = PBXFileReference; lastKnownFileType = sourcecode.swift; path = MemoViewController.swift; sourceTree = "<group>"; };
		DD5A18F52873FB6500903616 /* MyPolicySearchAPI.swift */ = {isa = PBXFileReference; lastKnownFileType = sourcecode.swift; path = MyPolicySearchAPI.swift; sourceTree = "<group>"; };
		DD5A18F72874309400903616 /* BookMarkAPI.swift */ = {isa = PBXFileReference; lastKnownFileType = sourcecode.swift; path = BookMarkAPI.swift; sourceTree = "<group>"; };
		DD5A18FB2875AD7B00903616 /* InterestRegionViewController.swift */ = {isa = PBXFileReference; lastKnownFileType = sourcecode.swift; path = InterestRegionViewController.swift; sourceTree = "<group>"; };
		DD5A18FD2875AD9600903616 /* MyRegionViewController.swift */ = {isa = PBXFileReference; lastKnownFileType = sourcecode.swift; path = MyRegionViewController.swift; sourceTree = "<group>"; };
		DD5A18FF2875ADF800903616 /* EditRegionViewController.swift */ = {isa = PBXFileReference; lastKnownFileType = sourcecode.swift; path = EditRegionViewController.swift; sourceTree = "<group>"; };
		DD5A19022875BFEE00903616 /* UserInfoAPI.swift */ = {isa = PBXFileReference; lastKnownFileType = sourcecode.swift; path = UserInfoAPI.swift; sourceTree = "<group>"; };
		DD5A19042875C03D00903616 /* UserDataModel.swift */ = {isa = PBXFileReference; lastKnownFileType = sourcecode.swift; path = UserDataModel.swift; sourceTree = "<group>"; };
		DD5A19062876C83C00903616 /* ParticipationViewController.swift */ = {isa = PBXFileReference; lastKnownFileType = sourcecode.swift; path = ParticipationViewController.swift; sourceTree = "<group>"; };
		DD5A19092876D0A200903616 /* UserParticipatedModel.swift */ = {isa = PBXFileReference; lastKnownFileType = sourcecode.swift; path = UserParticipatedModel.swift; sourceTree = "<group>"; };
		DD5A190B2876D85200903616 /* ParticipationTableViewCell.swift */ = {isa = PBXFileReference; lastKnownFileType = sourcecode.swift; path = ParticipationTableViewCell.swift; sourceTree = "<group>"; };
		DD60A0BB288715B2004E9015 /* ServiceTypeTableViewCell.swift */ = {isa = PBXFileReference; lastKnownFileType = sourcecode.swift; path = ServiceTypeTableViewCell.swift; sourceTree = "<group>"; };
		DD60A0BD2887D122004E9015 /* OpenSourceViewController.swift */ = {isa = PBXFileReference; lastKnownFileType = sourcecode.swift; path = OpenSourceViewController.swift; sourceTree = "<group>"; };
		DD60A0BF2887D1E2004E9015 /* OpenAPI.swift */ = {isa = PBXFileReference; lastKnownFileType = sourcecode.swift; path = OpenAPI.swift; sourceTree = "<group>"; };
		DD60A0C12887D216004E9015 /* OpenAPIModel.swift */ = {isa = PBXFileReference; lastKnownFileType = sourcecode.swift; path = OpenAPIModel.swift; sourceTree = "<group>"; };
		DD60A0C32887D71B004E9015 /* OpenSourceTableViewCell.swift */ = {isa = PBXFileReference; lastKnownFileType = sourcecode.swift; path = OpenSourceTableViewCell.swift; sourceTree = "<group>"; };
		DD60A0C52887DD89004E9015 /* Settings.bundle */ = {isa = PBXFileReference; lastKnownFileType = "wrapper.plug-in"; path = Settings.bundle; sourceTree = "<group>"; };
		DD60C1D5287E98F6003B201E /* ForWhatAPI.swift */ = {isa = PBXFileReference; lastKnownFileType = sourcecode.swift; path = ForWhatAPI.swift; sourceTree = "<group>"; };
		DD60C1D7287EF36F003B201E /* UserResponseModel.swift */ = {isa = PBXFileReference; lastKnownFileType = sourcecode.swift; path = UserResponseModel.swift; sourceTree = "<group>"; };
		DD60C1D9287F130B003B201E /* CategoryAlarmViewController.swift */ = {isa = PBXFileReference; lastKnownFileType = sourcecode.swift; path = CategoryAlarmViewController.swift; sourceTree = "<group>"; };
		DD60C1DB287F2BD3003B201E /* CategoryAlarmViewModel.swift */ = {isa = PBXFileReference; lastKnownFileType = sourcecode.swift; path = CategoryAlarmViewModel.swift; sourceTree = "<group>"; };
		DD60C1DD287F31C1003B201E /* MyAlarmIsOnModel.swift */ = {isa = PBXFileReference; lastKnownFileType = sourcecode.swift; path = MyAlarmIsOnModel.swift; sourceTree = "<group>"; };
		DD60C1DF28811611003B201E /* RegionAlarmViewController.swift */ = {isa = PBXFileReference; lastKnownFileType = sourcecode.swift; path = RegionAlarmViewController.swift; sourceTree = "<group>"; };
		DD60C1E12881320F003B201E /* EditUserInfoViewController.swift */ = {isa = PBXFileReference; lastKnownFileType = sourcecode.swift; path = EditUserInfoViewController.swift; sourceTree = "<group>"; };
		DD60C1E328813278003B201E /* EditUserInfoViewModel.swift */ = {isa = PBXFileReference; lastKnownFileType = sourcecode.swift; path = EditUserInfoViewModel.swift; sourceTree = "<group>"; };
		DD60C1E52882D945003B201E /* MyPolicyTestModel.swift */ = {isa = PBXFileReference; lastKnownFileType = sourcecode.swift; path = MyPolicyTestModel.swift; sourceTree = "<group>"; };
		DD61256E2879D0F2002FBF4D /* BookmarkViewController.swift */ = {isa = PBXFileReference; lastKnownFileType = sourcecode.swift; path = BookmarkViewController.swift; sourceTree = "<group>"; };
		DD6125712879D953002FBF4D /* BookmarkViewModel.swift */ = {isa = PBXFileReference; lastKnownFileType = sourcecode.swift; path = BookmarkViewModel.swift; sourceTree = "<group>"; };
		DD612575287B0451002FBF4D /* BookmarkCollectionViewCell.swift */ = {isa = PBXFileReference; lastKnownFileType = sourcecode.swift; path = BookmarkCollectionViewCell.swift; sourceTree = "<group>"; };
		DD612577287C0CA3002FBF4D /* FCMAPI.swift */ = {isa = PBXFileReference; lastKnownFileType = sourcecode.swift; path = FCMAPI.swift; sourceTree = "<group>"; };
		DD612579287C3942002FBF4D /* AlarmViewController.swift */ = {isa = PBXFileReference; lastKnownFileType = sourcecode.swift; path = AlarmViewController.swift; sourceTree = "<group>"; };
		DD61257C287C3CAE002FBF4D /* AlarmViewModel.swift */ = {isa = PBXFileReference; lastKnownFileType = sourcecode.swift; path = AlarmViewModel.swift; sourceTree = "<group>"; };
		DD61257E287C3D11002FBF4D /* AlarmAPI.swift */ = {isa = PBXFileReference; lastKnownFileType = sourcecode.swift; path = AlarmAPI.swift; sourceTree = "<group>"; };
		DD612580287C3D58002FBF4D /* AlarmModel.swift */ = {isa = PBXFileReference; lastKnownFileType = sourcecode.swift; path = AlarmModel.swift; sourceTree = "<group>"; };
		DD612582287C3FFF002FBF4D /* AlarmTableViewCell.swift */ = {isa = PBXFileReference; lastKnownFileType = sourcecode.swift; path = AlarmTableViewCell.swift; sourceTree = "<group>"; };
		DD90E999284B434600B19B8C /* LoginDetailViewModel.swift */ = {isa = PBXFileReference; lastKnownFileType = sourcecode.swift; path = LoginDetailViewModel.swift; sourceTree = "<group>"; };
		DD90E99D284CEE8600B19B8C /* Terms.swift */ = {isa = PBXFileReference; lastKnownFileType = sourcecode.swift; path = Terms.swift; sourceTree = "<group>"; };
		DD90E9A4284CF78700B19B8C /* Reactive.swift */ = {isa = PBXFileReference; lastKnownFileType = sourcecode.swift; path = Reactive.swift; sourceTree = "<group>"; };
		DD90E9A6284CF78D00B19B8C /* UIButton.swift */ = {isa = PBXFileReference; lastKnownFileType = sourcecode.swift; path = UIButton.swift; sourceTree = "<group>"; };
		DD90E9AD284D199D00B19B8C /* TermsCell.xib */ = {isa = PBXFileReference; fileEncoding = 4; lastKnownFileType = file.xib; path = TermsCell.xib; sourceTree = "<group>"; };
		DD90E9AE284D199D00B19B8C /* TermsCell.swift */ = {isa = PBXFileReference; fileEncoding = 4; lastKnownFileType = sourcecode.swift; name = TermsCell.swift; path = "../../../../../Upper Intermediate/TermsExample/CellTest/Views/TermsCell.swift"; sourceTree = "<group>"; };
		DD90E9B3284DD0F300B19B8C /* LoginBasicInfoViewController.swift */ = {isa = PBXFileReference; lastKnownFileType = sourcecode.swift; path = LoginBasicInfoViewController.swift; sourceTree = "<group>"; };
		DD90E9B7284DDFA200B19B8C /* User.swift */ = {isa = PBXFileReference; lastKnownFileType = sourcecode.swift; path = User.swift; sourceTree = "<group>"; };
		DDAC8EBE284884F80092CB25 /* LoginViewModel.swift */ = {isa = PBXFileReference; lastKnownFileType = sourcecode.swift; path = LoginViewModel.swift; sourceTree = "<group>"; };
		DDAC8EC12848A36C0092CB25 /* LoginDetailViewController.swift */ = {isa = PBXFileReference; lastKnownFileType = sourcecode.swift; path = LoginDetailViewController.swift; sourceTree = "<group>"; };
		DDAF7C46289A98D300D1F1FD /* ParticipationCollectionViewCell.swift */ = {isa = PBXFileReference; lastKnownFileType = sourcecode.swift; path = ParticipationCollectionViewCell.swift; sourceTree = "<group>"; };
		DDAF7C8128A6585100D1F1FD /* SocialLoginAPI.swift */ = {isa = PBXFileReference; lastKnownFileType = sourcecode.swift; path = SocialLoginAPI.swift; sourceTree = "<group>"; };
		DDB1CCA1285EE1F800B42EDC /* MyPageSettingViewController.swift */ = {isa = PBXFileReference; lastKnownFileType = sourcecode.swift; path = MyPageSettingViewController.swift; sourceTree = "<group>"; };
		DDB1CCA3285EED3600B42EDC /* SettingTableViewCell.swift */ = {isa = PBXFileReference; lastKnownFileType = sourcecode.swift; path = SettingTableViewCell.swift; sourceTree = "<group>"; };
		DDB1CCA6285F5C5B00B42EDC /* BoardTableViewCell.swift */ = {isa = PBXFileReference; lastKnownFileType = sourcecode.swift; path = BoardTableViewCell.swift; sourceTree = "<group>"; };
		DDB419BC2863612C005868ED /* APIEventLogger.swift */ = {isa = PBXFileReference; lastKnownFileType = sourcecode.swift; path = APIEventLogger.swift; sourceTree = "<group>"; };
		DDB419BE2863626E005868ED /* API.swift */ = {isa = PBXFileReference; lastKnownFileType = sourcecode.swift; path = API.swift; sourceTree = "<group>"; };
		DDBFEEA728578FD2003E9662 /* UnderlineSegmentedControl.swift */ = {isa = PBXFileReference; lastKnownFileType = sourcecode.swift; path = UnderlineSegmentedControl.swift; sourceTree = "<group>"; };
		DDBFEEA9285792DD003E9662 /* WriteMySelfViewController.swift */ = {isa = PBXFileReference; lastKnownFileType = sourcecode.swift; path = WriteMySelfViewController.swift; sourceTree = "<group>"; };
		DDBFEEAB285792EC003E9662 /* CommentMySelfViewController.swift */ = {isa = PBXFileReference; lastKnownFileType = sourcecode.swift; path = CommentMySelfViewController.swift; sourceTree = "<group>"; };
		DDBFEEAD285792F7003E9662 /* LikeMySelfViewController.swift */ = {isa = PBXFileReference; lastKnownFileType = sourcecode.swift; path = LikeMySelfViewController.swift; sourceTree = "<group>"; };
		DDBFEEB528586A4F003E9662 /* launchScreen_logo.png */ = {isa = PBXFileReference; lastKnownFileType = image.png; path = launchScreen_logo.png; sourceTree = "<group>"; };
		DDBFEEB72859E162003E9662 /* MyAuthenticationCredential.swift */ = {isa = PBXFileReference; lastKnownFileType = sourcecode.swift; path = MyAuthenticationCredential.swift; sourceTree = "<group>"; };
		DDBFEEBA2859E675003E9662 /* MyAuthenticator.swift */ = {isa = PBXFileReference; lastKnownFileType = sourcecode.swift; path = MyAuthenticator.swift; sourceTree = "<group>"; };
		DDBFEEBF285A21FE003E9662 /* PaddingLabel.swift */ = {isa = PBXFileReference; lastKnownFileType = sourcecode.swift; path = PaddingLabel.swift; sourceTree = "<group>"; };
		DDBFEEC1285AEDE3003E9662 /* TagCollectionViewCell.swift */ = {isa = PBXFileReference; lastKnownFileType = sourcecode.swift; path = TagCollectionViewCell.swift; sourceTree = "<group>"; };
		DDBFEEC3285B4F08003E9662 /* AddRegionViewController.swift */ = {isa = PBXFileReference; lastKnownFileType = sourcecode.swift; path = AddRegionViewController.swift; sourceTree = "<group>"; };
		DDBFEEC5285B5134003E9662 /* LeftAlignedCollectionViewFlowLayout.swift */ = {isa = PBXFileReference; lastKnownFileType = sourcecode.swift; path = LeftAlignedCollectionViewFlowLayout.swift; sourceTree = "<group>"; };
		DDBFEEC7285E25E8003E9662 /* AddPurposeViewController.swift */ = {isa = PBXFileReference; lastKnownFileType = sourcecode.swift; path = AddPurposeViewController.swift; sourceTree = "<group>"; };
		DDE615CB2894054C0067040B /* CommunityViewModel.swift */ = {isa = PBXFileReference; lastKnownFileType = sourcecode.swift; path = CommunityViewModel.swift; sourceTree = "<group>"; };
		DDE615CD2897A4890067040B /* KeyChain.swift */ = {isa = PBXFileReference; lastKnownFileType = sourcecode.swift; path = KeyChain.swift; sourceTree = "<group>"; };
		DDE61608289A84AD0067040B /* HomeCollectionViewCell.swift */ = {isa = PBXFileReference; lastKnownFileType = sourcecode.swift; path = HomeCollectionViewCell.swift; sourceTree = "<group>"; };
		DDE6160A289A8DCD0067040B /* GoogleService-Info.plist */ = {isa = PBXFileReference; fileEncoding = 4; lastKnownFileType = text.plist.xml; path = "GoogleService-Info.plist"; sourceTree = "<group>"; };
		DDECAE942866C28B001C48D3 /* AddPurposeCollectionViewCell.swift */ = {isa = PBXFileReference; lastKnownFileType = sourcecode.swift; path = AddPurposeCollectionViewCell.swift; sourceTree = "<group>"; };
		DDECAE9628674BCF001C48D3 /* LoginSuccessViewController.swift */ = {isa = PBXFileReference; lastKnownFileType = sourcecode.swift; path = LoginSuccessViewController.swift; sourceTree = "<group>"; };
		DDECAE982867650C001C48D3 /* FINPO.entitlements */ = {isa = PBXFileReference; lastKnownFileType = text.plist.entitlements; path = FINPO.entitlements; sourceTree = "<group>"; };
		DDECAE99286AB0E3001C48D3 /* FilterViewController.swift */ = {isa = PBXFileReference; lastKnownFileType = sourcecode.swift; path = FilterViewController.swift; sourceTree = "<group>"; };
		DDECAE9B286AF317001C48D3 /* LastSignUpAPI.swift */ = {isa = PBXFileReference; lastKnownFileType = sourcecode.swift; path = LastSignUpAPI.swift; sourceTree = "<group>"; };
		DDECAE9D286B2949001C48D3 /* CallMyRegionAPI.swift */ = {isa = PBXFileReference; lastKnownFileType = sourcecode.swift; path = CallMyRegionAPI.swift; sourceTree = "<group>"; };
		DDECAE9F286B564B001C48D3 /* FilterRegionViewController.swift */ = {isa = PBXFileReference; lastKnownFileType = sourcecode.swift; path = FilterRegionViewController.swift; sourceTree = "<group>"; };
		DDFD6EDF284DFC3200A1706F /* UIKitExtension.swift */ = {isa = PBXFileReference; lastKnownFileType = sourcecode.swift; path = UIKitExtension.swift; sourceTree = "<group>"; };
		DDFD6EE1284F2A8800A1706F /* LoginRegionViewController.swift */ = {isa = PBXFileReference; lastKnownFileType = sourcecode.swift; path = LoginRegionViewController.swift; sourceTree = "<group>"; };
		DDFD6EE3284F840F00A1706F /* MainRegionTableViewCell.swift */ = {isa = PBXFileReference; lastKnownFileType = sourcecode.swift; path = MainRegionTableViewCell.swift; sourceTree = "<group>"; };
		DDFD6EE528506C1000A1706F /* SubRegionTableViewCell.swift */ = {isa = PBXFileReference; lastKnownFileType = sourcecode.swift; path = SubRegionTableViewCell.swift; sourceTree = "<group>"; };
		DDFD6EE72852F48400A1706F /* LoginInterestViewController.swift */ = {isa = PBXFileReference; lastKnownFileType = sourcecode.swift; path = LoginInterestViewController.swift; sourceTree = "<group>"; };
		DDFD6EE92854B2B000A1706F /* InterestCollectionViewCell.swift */ = {isa = PBXFileReference; lastKnownFileType = sourcecode.swift; path = InterestCollectionViewCell.swift; sourceTree = "<group>"; };
		DDFD6EEB2855B34600A1706F /* LoginSemiCompleteViewController.swift */ = {isa = PBXFileReference; lastKnownFileType = sourcecode.swift; path = LoginSemiCompleteViewController.swift; sourceTree = "<group>"; };
		DDFD6EED2856489000A1706F /* HomeTapViewController.swift */ = {isa = PBXFileReference; lastKnownFileType = sourcecode.swift; path = HomeTapViewController.swift; sourceTree = "<group>"; };
		DDFD6EF02856494600A1706F /* MyPageViewController.swift */ = {isa = PBXFileReference; lastKnownFileType = sourcecode.swift; path = MyPageViewController.swift; sourceTree = "<group>"; };
		DDFD6EF52856555700A1706F /* MyPageViewModel.swift */ = {isa = PBXFileReference; lastKnownFileType = sourcecode.swift; path = MyPageViewModel.swift; sourceTree = "<group>"; };
		E8C359964EE7DD4BDB36F374 /* Pods_FINPO.framework */ = {isa = PBXFileReference; explicitFileType = wrapper.framework; includeInIndex = 0; path = Pods_FINPO.framework; sourceTree = BUILT_PRODUCTS_DIR; };
/* End PBXFileReference section */

/* Begin PBXFrameworksBuildPhase section */
		DD2EA45F28487F730004D707 /* Frameworks */ = {
			isa = PBXFrameworksBuildPhase;
			buildActionMask = 2147483647;
			files = (
				DD5A18DD286DE16F00903616 /* FirebaseMessaging in Frameworks */,
				DDBFEEA628571689003E9662 /* Kingfisher in Frameworks */,
				A84962D89FDB101D3AF40A45 /* Pods_FINPO.framework in Frameworks */,
				2EBA4152D5BE816777DE1C0D /* Pods_FINPO.framework in Frameworks */,
			);
			runOnlyForDeploymentPostprocessing = 0;
		};
/* End PBXFrameworksBuildPhase section */

/* Begin PBXGroup section */
		31718119D93A97BDE60B464A /* Frameworks */ = {
			isa = PBXGroup;
			children = (
				CBBBC53683444A104C13159C /* Pods_FINPO.framework */,
			);
			name = Frameworks;
			path = ../..;
			sourceTree = "<group>";
		};
		5013C2BEC30C08049C4D7B18 /* Pods */ = {
			isa = PBXGroup;
			children = (
				BFCA014EE683AACD32E6826C /* Pods-FINPO.debug.xcconfig */,
				270C28813D04C9316FCC87A8 /* Pods-FINPO.release.xcconfig */,
			);
			path = Pods;
			sourceTree = "<group>";
		};
		AEB9F9A826FC9085FD61748F /* Frameworks */ = {
			isa = PBXGroup;
			children = (
				E8C359964EE7DD4BDB36F374 /* Pods_FINPO.framework */,
			);
			name = Frameworks;
			sourceTree = "<group>";
		};
		DD1BFFB72863013900ACAAE1 /* Home */ = {
			isa = PBXGroup;
			children = (
				DD1BFFB52863013600ACAAE1 /* HomeViewController.swift */,
				DD1BFFBA2863143D00ACAAE1 /* HomeViewModel.swift */,
				DD1BFFB8286307BD00ACAAE1 /* HomeTableViewCell.swift */,
				DDE61608289A84AD0067040B /* HomeCollectionViewCell.swift */,
				DDECAE99286AB0E3001C48D3 /* FilterViewController.swift */,
				DDECAE9F286B564B001C48D3 /* FilterRegionViewController.swift */,
				DD5A18D3286D389F00903616 /* FilterCollectionViewCell.swift */,
				DD5A18EA2870281700903616 /* PolicyDetailView */,
			);
			path = Home;
			sourceTree = "<group>";
		};
		DD2EA45928487F730004D707 = {
			isa = PBXGroup;
			children = (
				DD60A0C52887DD89004E9015 /* Settings.bundle */,
				DD2EA46428487F730004D707 /* FINPO */,
				DD2EA46328487F730004D707 /* Products */,
				5013C2BEC30C08049C4D7B18 /* Pods */,
				AEB9F9A826FC9085FD61748F /* Frameworks */,
			);
			sourceTree = "<group>";
		};
		DD2EA46328487F730004D707 /* Products */ = {
			isa = PBXGroup;
			children = (
				DD2EA46228487F730004D707 /* FINPO.app */,
			);
			name = Products;
			sourceTree = "<group>";
		};
		DD2EA46428487F730004D707 /* FINPO */ = {
			isa = PBXGroup;
			children = (
				DDE6160A289A8DCD0067040B /* GoogleService-Info.plist */,
				DDECAE982867650C001C48D3 /* FINPO.entitlements */,
				DDBFEEB42858599E003E9662 /* Launch Screen */,
				DD2EA46528487F730004D707 /* AppDelegate.swift */,
				DD2EA46728487F730004D707 /* SceneDelegate.swift */,
				DD351A96288AC9DE0097A63F /* OnBoardingViewController.swift */,
				DD90E9A8284CF79100B19B8C /* CommonExtension */,
				DDAC8EC0284884FE0092CB25 /* Login */,
				DD90E99F284CEE8B00B19B8C /* Models */,
				DD2EA46E28487F770004D707 /* Assets.xcassets */,
				DD2EA47328487F770004D707 /* Info.plist */,
				DDFD6EEF2856489200A1706F /* Home */,
				DDBFEEB92859E166003E9662 /* OAuth */,
				DDBFEEBE2859F387003E9662 /* API */,
			);
			path = FINPO;
			sourceTree = "<group>";
		};
		DD4D493328856B8800E25AB6 /* Community */ = {
			isa = PBXGroup;
			children = (
				DD4D493428856C2A00E25AB6 /* CommunityMainViewController.swift */,
				DDE615CB2894054C0067040B /* CommunityViewModel.swift */,
				DD1E995428B4DF4400C80272 /* CommunityDetailViewController.swift */,
				DD1E995628B5322B00C80272 /* CommunityDetailViewModel.swift */,
				DD1E995A28B66A1D00C80272 /* CommunityCollectionViewCell.swift */,
			);
			path = Community;
			sourceTree = "<group>";
		};
		DD50F7AB287DCA1600ADEB09 /* 관심사 설정 */ = {
			isa = PBXGroup;
			children = (
				DD50F7A9287DCA1200ADEB09 /* InterestCategoryViewController.swift */,
			);
			name = "관심사 설정";
			path = "관심사 설정";
			sourceTree = "<group>";
		};
		DD5A18EA2870281700903616 /* PolicyDetailView */ = {
			isa = PBXGroup;
			children = (
				DD5A18E0286F321500903616 /* HomeDetailViewController.swift */,
				DD5A18E2286FEAEA00903616 /* ServiceInfoViewController.swift */,
				DD5A18E4286FEB0300903616 /* ApplyInfoViewController.swift */,
				DD5A18EB2871C1C400903616 /* PolicyTypeCollectionViewCell.swift */,
				DD5A18ED2871D25F00903616 /* ServiceTypeCollectionViewCell.swift */,
				DD5A18F32873484400903616 /* MemoViewController.swift */,
				DD60A0BB288715B2004E9015 /* ServiceTypeTableViewCell.swift */,
			);
			path = PolicyDetailView;
			sourceTree = "<group>";
		};
		DD5A19012875ADFD00903616 /* 지역 수정 */ = {
			isa = PBXGroup;
			children = (
				DD5A18FF2875ADF800903616 /* EditRegionViewController.swift */,
				DD5A18FB2875AD7B00903616 /* InterestRegionViewController.swift */,
				DD5A18FD2875AD9600903616 /* MyRegionViewController.swift */,
			);
			name = "지역 수정";
			path = "지역 수정";
			sourceTree = "<group>";
		};
		DD5A19082876CDF000903616 /* 참여 정책 */ = {
			isa = PBXGroup;
			children = (
				DD5A19062876C83C00903616 /* ParticipationViewController.swift */,
				DD5A190B2876D85200903616 /* ParticipationTableViewCell.swift */,
				DDAF7C46289A98D300D1F1FD /* ParticipationCollectionViewCell.swift */,
			);
			name = "참여 정책";
			path = "참여 정책";
			sourceTree = "<group>";
		};
		DD6125702879D0F6002FBF4D /* Bookmark */ = {
			isa = PBXGroup;
			children = (
				DD61256E2879D0F2002FBF4D /* BookmarkViewController.swift */,
				DD6125712879D953002FBF4D /* BookmarkViewModel.swift */,
				DD612575287B0451002FBF4D /* BookmarkCollectionViewCell.swift */,
			);
			path = Bookmark;
			sourceTree = "<group>";
		};
		DD61257B287C3946002FBF4D /* Alarm */ = {
			isa = PBXGroup;
			children = (
				DD612579287C3942002FBF4D /* AlarmViewController.swift */,
				DD61257C287C3CAE002FBF4D /* AlarmViewModel.swift */,
				DD612582287C3FFF002FBF4D /* AlarmTableViewCell.swift */,
			);
			path = Alarm;
			sourceTree = "<group>";
		};
		DD90E99F284CEE8B00B19B8C /* Models */ = {
			isa = PBXGroup;
			children = (
				DD5A18D1286CAE3A00903616 /* BaseURL.swift */,
				DD90E99D284CEE8600B19B8C /* Terms.swift */,
				DD90E9B7284DDFA200B19B8C /* User.swift */,
				DD1BFFBE2863316200ACAAE1 /* SearchModel.swift */,
				DD5A18D5286D568500903616 /* CategoryModel.swift */,
				DD5A18E62870227C00903616 /* DetailInfoModel.swift */,
				DD5A19042875C03D00903616 /* UserDataModel.swift */,
				DD5A19092876D0A200903616 /* UserParticipatedModel.swift */,
				DD612580287C3D58002FBF4D /* AlarmModel.swift */,
				DD50F7AC287DD5C600ADEB09 /* MyInterestCategoryModel.swift */,
				DD50F7AE287E762D00ADEB09 /* LowCategoryModel.swift */,
				DD60C1D7287EF36F003B201E /* UserResponseModel.swift */,
				DD60C1DD287F31C1003B201E /* MyAlarmIsOnModel.swift */,
				DD60C1E52882D945003B201E /* MyPolicyTestModel.swift */,
				DD60A0C12887D216004E9015 /* OpenAPIModel.swift */,
				DD1E994C28B28E8300C80272 /* CommunityboardResponseModel.swift */,
				DD1E995028B368E900C80272 /* BoolResponseModel.swift */,
				DD1E995828B5335100C80272 /* CommunityDetailBoardResponseModel.swift */,
				DD1E995C28B681BC00C80272 /* CommunityCommentResponseModel.swift */,
				DD1E996028BB23CC00C80272 /* ComponentsManager.swift */,
			);
			path = Models;
			sourceTree = "<group>";
		};
		DD90E9A8284CF79100B19B8C /* CommonExtension */ = {
			isa = PBXGroup;
			children = (
				DD90E9A4284CF78700B19B8C /* Reactive.swift */,
				DD90E9A6284CF78D00B19B8C /* UIButton.swift */,
				DDFD6EDF284DFC3200A1706F /* UIKitExtension.swift */,
				DDBFEEBF285A21FE003E9662 /* PaddingLabel.swift */,
				DDBFEEC5285B5134003E9662 /* LeftAlignedCollectionViewFlowLayout.swift */,
				DD1E995228B4DC8100C80272 /* DynamicHeightCollectionView.swift */,
				DD1E995E28B8DA5A00C80272 /* DynamicHeightTableView.swift */,
			);
			path = CommonExtension;
			sourceTree = "<group>";
		};
		DDAC8EC0284884FE0092CB25 /* Login */ = {
			isa = PBXGroup;
			children = (
				DD2EA46928487F730004D707 /* LoginViewController.swift */,
				DDAC8EBE284884F80092CB25 /* LoginViewModel.swift */,
				DDAC8EC12848A36C0092CB25 /* LoginDetailViewController.swift */,
				DD90E999284B434600B19B8C /* LoginDetailViewModel.swift */,
				DD90E9B3284DD0F300B19B8C /* LoginBasicInfoViewController.swift */,
				DDFD6EE1284F2A8800A1706F /* LoginRegionViewController.swift */,
				DDBFEEC1285AEDE3003E9662 /* TagCollectionViewCell.swift */,
				DDFD6EE3284F840F00A1706F /* MainRegionTableViewCell.swift */,
				DDFD6EE528506C1000A1706F /* SubRegionTableViewCell.swift */,
				DDFD6EE72852F48400A1706F /* LoginInterestViewController.swift */,
				DDFD6EE92854B2B000A1706F /* InterestCollectionViewCell.swift */,
				DDFD6EEB2855B34600A1706F /* LoginSemiCompleteViewController.swift */,
				DDBFEEC7285E25E8003E9662 /* AddPurposeViewController.swift */,
				DDECAE942866C28B001C48D3 /* AddPurposeCollectionViewCell.swift */,
				DDBFEEC3285B4F08003E9662 /* AddRegionViewController.swift */,
				DDECAE9628674BCF001C48D3 /* LoginSuccessViewController.swift */,
				DD90E9AE284D199D00B19B8C /* TermsCell.swift */,
				DD90E9AD284D199D00B19B8C /* TermsCell.xib */,
			);
			path = Login;
			sourceTree = "<group>";
		};
		DDB1CCA5285F4A1C00B42EDC /* Setting */ = {
			isa = PBXGroup;
			children = (
				DDB1CCA1285EE1F800B42EDC /* MyPageSettingViewController.swift */,
				DDB1CCA3285EED3600B42EDC /* SettingTableViewCell.swift */,
				DD60C1D9287F130B003B201E /* CategoryAlarmViewController.swift */,
				DD60C1DB287F2BD3003B201E /* CategoryAlarmViewModel.swift */,
				DD60C1DF28811611003B201E /* RegionAlarmViewController.swift */,
				DD60C1E12881320F003B201E /* EditUserInfoViewController.swift */,
				DD60C1E328813278003B201E /* EditUserInfoViewModel.swift */,
				DD60A0BD2887D122004E9015 /* OpenSourceViewController.swift */,
				DD60A0C32887D71B004E9015 /* OpenSourceTableViewCell.swift */,
			);
			path = Setting;
			sourceTree = "<group>";
		};
		DDB419C028636289005868ED /* Event Logger */ = {
			isa = PBXGroup;
			children = (
				DDB419BC2863612C005868ED /* APIEventLogger.swift */,
				DDB419BE2863626E005868ED /* API.swift */,
			);
			path = "Event Logger";
			sourceTree = "<group>";
		};
		DDBFEEAF285792FB003E9662 /* SegmentedControl */ = {
			isa = PBXGroup;
			children = (
				DDBFEEA728578FD2003E9662 /* UnderlineSegmentedControl.swift */,
				DDBFEEA9285792DD003E9662 /* WriteMySelfViewController.swift */,
				DDBFEEAB285792EC003E9662 /* CommentMySelfViewController.swift */,
				DDBFEEAD285792F7003E9662 /* LikeMySelfViewController.swift */,
				DDB1CCA6285F5C5B00B42EDC /* BoardTableViewCell.swift */,
			);
			path = SegmentedControl;
			sourceTree = "<group>";
		};
		DDBFEEB42858599E003E9662 /* Launch Screen */ = {
			isa = PBXGroup;
			children = (
				DDBFEEB528586A4F003E9662 /* launchScreen_logo.png */,
				DD2EA47028487F770004D707 /* LaunchScreen.storyboard */,
			);
			path = "Launch Screen";
			sourceTree = "<group>";
		};
		DDBFEEB92859E166003E9662 /* OAuth */ = {
			isa = PBXGroup;
			children = (
				DDBFEEB72859E162003E9662 /* MyAuthenticationCredential.swift */,
				DDBFEEBA2859E675003E9662 /* MyAuthenticator.swift */,
				DD5A18EF28728F2C00903616 /* MyRequestInterceptor.swift */,
			);
			path = OAuth;
			sourceTree = "<group>";
		};
		DDBFEEBE2859F387003E9662 /* API */ = {
			isa = PBXGroup;
			children = (
				DD1EC9702861B23000B58F10 /* SignOutAPI.swift */,
				DD1BFFBC2863312200ACAAE1 /* SearchPolicyAPI.swift */,
				DDECAE9B286AF317001C48D3 /* LastSignUpAPI.swift */,
				DDECAE9D286B2949001C48D3 /* CallMyRegionAPI.swift */,
				DD5A18D7286D577300903616 /* CallCategoryAPI.swift */,
				DD5A18E82870257800903616 /* SearchDetailPolicyAPI.swift */,
				DD5A18F128731C7600903616 /* AddParticipatedAPI.swift */,
				DD5A18F52873FB6500903616 /* MyPolicySearchAPI.swift */,
				DD5A18F72874309400903616 /* BookMarkAPI.swift */,
				DD5A19022875BFEE00903616 /* UserInfoAPI.swift */,
				DD612577287C0CA3002FBF4D /* FCMAPI.swift */,
				DD61257E287C3D11002FBF4D /* AlarmAPI.swift */,
				DD60C1D5287E98F6003B201E /* ForWhatAPI.swift */,
				DD4D492F288478BB00E25AB6 /* DeleteParticipationAPI.swift */,
				DD60A0BF2887D1E2004E9015 /* OpenAPI.swift */,
				DDAF7C8128A6585100D1F1FD /* SocialLoginAPI.swift */,
				31718119D93A97BDE60B464A /* Frameworks */,
				DDB419C028636289005868ED /* Event Logger */,
				DD1E994E28B32A5C00C80272 /* ApiManager.swift */,
			);
			path = API;
			sourceTree = "<group>";
		};
		DDFD6EEF2856489200A1706F /* Home */ = {
			isa = PBXGroup;
			children = (
				DDFD6EED2856489000A1706F /* HomeTapViewController.swift */,
				DD1BFFB72863013900ACAAE1 /* Home */,
				DD4D493328856B8800E25AB6 /* Community */,
				DDFD6EF22856494900A1706F /* MyPage */,
				DD6125702879D0F6002FBF4D /* Bookmark */,
				DD61257B287C3946002FBF4D /* Alarm */,
			);
			path = Home;
			sourceTree = "<group>";
		};
		DDFD6EF22856494900A1706F /* MyPage */ = {
			isa = PBXGroup;
			children = (
				DDFD6EF02856494600A1706F /* MyPageViewController.swift */,
				DDFD6EF52856555700A1706F /* MyPageViewModel.swift */,
				DDE615CD2897A4890067040B /* KeyChain.swift */,
				DD5A19082876CDF000903616 /* 참여 정책 */,
				DD5A19012875ADFD00903616 /* 지역 수정 */,
				DDB1CCA5285F4A1C00B42EDC /* Setting */,
				DDBFEEAF285792FB003E9662 /* SegmentedControl */,
				DD50F7AB287DCA1600ADEB09 /* 관심사 설정 */,
			);
			path = MyPage;
			sourceTree = "<group>";
		};
/* End PBXGroup section */

/* Begin PBXNativeTarget section */
		DD2EA46128487F730004D707 /* FINPO */ = {
			isa = PBXNativeTarget;
			buildConfigurationList = DD2EA47628487F770004D707 /* Build configuration list for PBXNativeTarget "FINPO" */;
			buildPhases = (
				7864191E476408BD3F2483CB /* [CP] Check Pods Manifest.lock */,
				DD2EA45E28487F730004D707 /* Sources */,
				DD2EA45F28487F730004D707 /* Frameworks */,
				DD2EA46028487F730004D707 /* Resources */,
				7DE69A9DFBB8A3003665DBCF /* [CP] Embed Pods Frameworks */,
			);
			buildRules = (
			);
			dependencies = (
			);
			name = FINPO;
			packageProductDependencies = (
				DDBFEEA528571689003E9662 /* Kingfisher */,
				DD5A18DC286DE16F00903616 /* FirebaseMessaging */,
			);
			productName = FINPO;
			productReference = DD2EA46228487F730004D707 /* FINPO.app */;
			productType = "com.apple.product-type.application";
		};
/* End PBXNativeTarget section */

/* Begin PBXProject section */
		DD2EA45A28487F730004D707 /* Project object */ = {
			isa = PBXProject;
			attributes = {
				BuildIndependentTargetsInParallel = 1;
				LastSwiftUpdateCheck = 1330;
				LastUpgradeCheck = 1330;
				TargetAttributes = {
					DD2EA46128487F730004D707 = {
						CreatedOnToolsVersion = 13.3.1;
					};
				};
			};
			buildConfigurationList = DD2EA45D28487F730004D707 /* Build configuration list for PBXProject "FINPO" */;
			compatibilityVersion = "Xcode 13.0";
			developmentRegion = en;
			hasScannedForEncodings = 0;
			knownRegions = (
				en,
				Base,
			);
			mainGroup = DD2EA45928487F730004D707;
			packageReferences = (
				DDBFEEA428571689003E9662 /* XCRemoteSwiftPackageReference "Kingfisher" */,
				DD5A18DB286DE16F00903616 /* XCRemoteSwiftPackageReference "firebase-ios-sdk" */,
			);
			productRefGroup = DD2EA46328487F730004D707 /* Products */;
			projectDirPath = "";
			projectRoot = "";
			targets = (
				DD2EA46128487F730004D707 /* FINPO */,
			);
		};
/* End PBXProject section */

/* Begin PBXResourcesBuildPhase section */
		DD2EA46028487F730004D707 /* Resources */ = {
			isa = PBXResourcesBuildPhase;
			buildActionMask = 2147483647;
			files = (
				DD90E9AF284D199D00B19B8C /* TermsCell.xib in Resources */,
				DD2EA47228487F770004D707 /* LaunchScreen.storyboard in Resources */,
				DD2EA46F28487F770004D707 /* Assets.xcassets in Resources */,
				DD60A0C62887DD89004E9015 /* Settings.bundle in Resources */,
				DDBFEEB628586A4F003E9662 /* launchScreen_logo.png in Resources */,
				DDE6160B289A8DCD0067040B /* GoogleService-Info.plist in Resources */,
			);
			runOnlyForDeploymentPostprocessing = 0;
		};
/* End PBXResourcesBuildPhase section */

/* Begin PBXShellScriptBuildPhase section */
		7864191E476408BD3F2483CB /* [CP] Check Pods Manifest.lock */ = {
			isa = PBXShellScriptBuildPhase;
			buildActionMask = 2147483647;
			files = (
			);
			inputFileListPaths = (
			);
			inputPaths = (
				"${PODS_PODFILE_DIR_PATH}/Podfile.lock",
				"${PODS_ROOT}/Manifest.lock",
			);
			name = "[CP] Check Pods Manifest.lock";
			outputFileListPaths = (
			);
			outputPaths = (
				"$(DERIVED_FILE_DIR)/Pods-FINPO-checkManifestLockResult.txt",
			);
			runOnlyForDeploymentPostprocessing = 0;
			shellPath = /bin/sh;
			shellScript = "diff \"${PODS_PODFILE_DIR_PATH}/Podfile.lock\" \"${PODS_ROOT}/Manifest.lock\" > /dev/null\nif [ $? != 0 ] ; then\n    # print error to STDERR\n    echo \"error: The sandbox is not in sync with the Podfile.lock. Run 'pod install' or update your CocoaPods installation.\" >&2\n    exit 1\nfi\n# This output is used by Xcode 'outputs' to avoid re-running this script phase.\necho \"SUCCESS\" > \"${SCRIPT_OUTPUT_FILE_0}\"\n";
			showEnvVarsInLog = 0;
		};
		7DE69A9DFBB8A3003665DBCF /* [CP] Embed Pods Frameworks */ = {
			isa = PBXShellScriptBuildPhase;
			buildActionMask = 2147483647;
			files = (
			);
			inputFileListPaths = (
				"${PODS_ROOT}/Target Support Files/Pods-FINPO/Pods-FINPO-frameworks-${CONFIGURATION}-input-files.xcfilelist",
			);
			name = "[CP] Embed Pods Frameworks";
			outputFileListPaths = (
				"${PODS_ROOT}/Target Support Files/Pods-FINPO/Pods-FINPO-frameworks-${CONFIGURATION}-output-files.xcfilelist",
			);
			runOnlyForDeploymentPostprocessing = 0;
			shellPath = /bin/sh;
			shellScript = "\"${PODS_ROOT}/Target Support Files/Pods-FINPO/Pods-FINPO-frameworks.sh\"\n";
			showEnvVarsInLog = 0;
		};
/* End PBXShellScriptBuildPhase section */

/* Begin PBXSourcesBuildPhase section */
		DD2EA45E28487F730004D707 /* Sources */ = {
			isa = PBXSourcesBuildPhase;
			buildActionMask = 2147483647;
			files = (
				DD5A19072876C83D00903616 /* ParticipationViewController.swift in Sources */,
				DDAF7C8228A6585100D1F1FD /* SocialLoginAPI.swift in Sources */,
				DD5A18E72870227C00903616 /* DetailInfoModel.swift in Sources */,
				DD1E995328B4DC8100C80272 /* DynamicHeightCollectionView.swift in Sources */,
				DD1E995528B4DF4500C80272 /* CommunityDetailViewController.swift in Sources */,
				DDFD6EEA2854B2B000A1706F /* InterestCollectionViewCell.swift in Sources */,
				DD612576287B0451002FBF4D /* BookmarkCollectionViewCell.swift in Sources */,
				DDAC8EBF284884F80092CB25 /* LoginViewModel.swift in Sources */,
				DD5A18EC2871C1C400903616 /* PolicyTypeCollectionViewCell.swift in Sources */,
				DD90E99E284CEE8600B19B8C /* Terms.swift in Sources */,
				DDBFEEC4285B4F08003E9662 /* AddRegionViewController.swift in Sources */,
				DD351A97288AC9DE0097A63F /* OnBoardingViewController.swift in Sources */,
				DD1E995B28B66A1D00C80272 /* CommunityCollectionViewCell.swift in Sources */,
				DD90E99A284B434600B19B8C /* LoginDetailViewModel.swift in Sources */,
				DD61257F287C3D11002FBF4D /* AlarmAPI.swift in Sources */,
				DD60A0BC288715B2004E9015 /* ServiceTypeTableViewCell.swift in Sources */,
				DDE615CC2894054C0067040B /* CommunityViewModel.swift in Sources */,
				DD5A18F82874309400903616 /* BookMarkAPI.swift in Sources */,
				DD1BFFB9286307BD00ACAAE1 /* HomeTableViewCell.swift in Sources */,
				DD60C1E62882D945003B201E /* MyPolicyTestModel.swift in Sources */,
				DDBFEEAA285792DD003E9662 /* WriteMySelfViewController.swift in Sources */,
				DDBFEEC0285A21FE003E9662 /* PaddingLabel.swift in Sources */,
				DDB1CCA7285F5C5B00B42EDC /* BoardTableViewCell.swift in Sources */,
				DD60C1E028811611003B201E /* RegionAlarmViewController.swift in Sources */,
				DD60C1DE287F31C1003B201E /* MyAlarmIsOnModel.swift in Sources */,
				DDBFEEC2285AEDE3003E9662 /* TagCollectionViewCell.swift in Sources */,
				DD1E995728B5322B00C80272 /* CommunityDetailViewModel.swift in Sources */,
				DD5A18FE2875AD9600903616 /* MyRegionViewController.swift in Sources */,
				DDECAE952866C28B001C48D3 /* AddPurposeCollectionViewCell.swift in Sources */,
				DDB419BD2863612C005868ED /* APIEventLogger.swift in Sources */,
				DD1E995F28B8DA5A00C80272 /* DynamicHeightTableView.swift in Sources */,
				DD60C1D6287E98F6003B201E /* ForWhatAPI.swift in Sources */,
				DDFD6EE0284DFC3200A1706F /* UIKitExtension.swift in Sources */,
				DD1BFFB62863013600ACAAE1 /* HomeViewController.swift in Sources */,
				DD90E9B4284DD0F300B19B8C /* LoginBasicInfoViewController.swift in Sources */,
				DD90E9B0284D199D00B19B8C /* TermsCell.swift in Sources */,
				DDAC8EC22848A36C0092CB25 /* LoginDetailViewController.swift in Sources */,
				DD60C1E22881320F003B201E /* EditUserInfoViewController.swift in Sources */,
				DD4D493528856C2A00E25AB6 /* CommunityMainViewController.swift in Sources */,
				DD5A190A2876D0A200903616 /* UserParticipatedModel.swift in Sources */,
				DD5A18F62873FB6500903616 /* MyPolicySearchAPI.swift in Sources */,
				DD60A0C22887D216004E9015 /* OpenAPIModel.swift in Sources */,
				DD60A0BE2887D122004E9015 /* OpenSourceViewController.swift in Sources */,
				DD1E995128B368E900C80272 /* BoolResponseModel.swift in Sources */,
				DDBFEEBB2859E675003E9662 /* MyAuthenticator.swift in Sources */,
				DDBFEEC6285B5134003E9662 /* LeftAlignedCollectionViewFlowLayout.swift in Sources */,
				DD60A0C42887D71B004E9015 /* OpenSourceTableViewCell.swift in Sources */,
				DDAF7C47289A98D300D1F1FD /* ParticipationCollectionViewCell.swift in Sources */,
				DD5A19032875BFEE00903616 /* UserInfoAPI.swift in Sources */,
				DD5A18E3286FEAEA00903616 /* ServiceInfoViewController.swift in Sources */,
				DD5A18F228731C7700903616 /* AddParticipatedAPI.swift in Sources */,
				DD5A18E5286FEB0300903616 /* ApplyInfoViewController.swift in Sources */,
				DD61257A287C3942002FBF4D /* AlarmViewController.swift in Sources */,
				DDBFEEB82859E162003E9662 /* MyAuthenticationCredential.swift in Sources */,
				DD90E9B8284DDFA200B19B8C /* User.swift in Sources */,
				DD1EC9712861B23000B58F10 /* SignOutAPI.swift in Sources */,
				DD5A190C2876D85200903616 /* ParticipationTableViewCell.swift in Sources */,
				DD5A19002875ADF800903616 /* EditRegionViewController.swift in Sources */,
				DDFD6EE82852F48400A1706F /* LoginInterestViewController.swift in Sources */,
				DD1E994D28B28E8300C80272 /* CommunityboardResponseModel.swift in Sources */,
				DD612583287C3FFF002FBF4D /* AlarmTableViewCell.swift in Sources */,
				DD1BFFBB2863143D00ACAAE1 /* HomeViewModel.swift in Sources */,
				DD612578287C0CA3002FBF4D /* FCMAPI.swift in Sources */,
				DDB1CCA2285EE1F800B42EDC /* MyPageSettingViewController.swift in Sources */,
				DDFD6EE628506C1000A1706F /* SubRegionTableViewCell.swift in Sources */,
				DDFD6EEE2856489000A1706F /* HomeTapViewController.swift in Sources */,
				DDE61609289A84AD0067040B /* HomeCollectionViewCell.swift in Sources */,
				DD5A18EE2871D25F00903616 /* ServiceTypeCollectionViewCell.swift in Sources */,
				DD60C1E428813278003B201E /* EditUserInfoViewModel.swift in Sources */,
				DDECAE9E286B2949001C48D3 /* CallMyRegionAPI.swift in Sources */,
				DD61257D287C3CAE002FBF4D /* AlarmViewModel.swift in Sources */,
				DD90E9A5284CF78700B19B8C /* Reactive.swift in Sources */,
				DD1E996128BB23CC00C80272 /* ComponentsManager.swift in Sources */,
				DD5A18D2286CAE3A00903616 /* BaseURL.swift in Sources */,
				DDFD6EE4284F840F00A1706F /* MainRegionTableViewCell.swift in Sources */,
				DD60C1DA287F130B003B201E /* CategoryAlarmViewController.swift in Sources */,
				DD2EA46A28487F730004D707 /* LoginViewController.swift in Sources */,
				DD1BFFBF2863316200ACAAE1 /* SearchModel.swift in Sources */,
				DDE615CE2897A4890067040B /* KeyChain.swift in Sources */,
				DD1E995D28B681BC00C80272 /* CommunityCommentResponseModel.swift in Sources */,
				DD1E994F28B32A5C00C80272 /* ApiManager.swift in Sources */,
				DD6125722879D953002FBF4D /* BookmarkViewModel.swift in Sources */,
				DDBFEEC8285E25E8003E9662 /* AddPurposeViewController.swift in Sources */,
				DD50F7AA287DCA1200ADEB09 /* InterestCategoryViewController.swift in Sources */,
				DDECAEA0286B564B001C48D3 /* FilterRegionViewController.swift in Sources */,
				DDFD6EF62856555700A1706F /* MyPageViewModel.swift in Sources */,
				DD5A18FC2875AD7B00903616 /* InterestRegionViewController.swift in Sources */,
				DD5A18F42873484400903616 /* MemoViewController.swift in Sources */,
				DD60A0C02887D1E2004E9015 /* OpenAPI.swift in Sources */,
				DDECAE9C286AF317001C48D3 /* LastSignUpAPI.swift in Sources */,
				DD2EA46628487F730004D707 /* AppDelegate.swift in Sources */,
				DDB419BF2863626E005868ED /* API.swift in Sources */,
				DD5A18D8286D577300903616 /* CallCategoryAPI.swift in Sources */,
				DD1BFFBD2863312200ACAAE1 /* SearchPolicyAPI.swift in Sources */,
				DD612581287C3D58002FBF4D /* AlarmModel.swift in Sources */,
				DD60C1DC287F2BD3003B201E /* CategoryAlarmViewModel.swift in Sources */,
				DDFD6EF12856494600A1706F /* MyPageViewController.swift in Sources */,
				DDBFEEAE285792F7003E9662 /* LikeMySelfViewController.swift in Sources */,
				DD5A18D6286D568500903616 /* CategoryModel.swift in Sources */,
				DD5A18F028728F2C00903616 /* MyRequestInterceptor.swift in Sources */,
				DD5A18D4286D389F00903616 /* FilterCollectionViewCell.swift in Sources */,
				DD5A18E92870257800903616 /* SearchDetailPolicyAPI.swift in Sources */,
				DD1E995928B5335100C80272 /* CommunityDetailBoardResponseModel.swift in Sources */,
				DD50F7AF287E762D00ADEB09 /* LowCategoryModel.swift in Sources */,
				DD50F7AD287DD5C600ADEB09 /* MyInterestCategoryModel.swift in Sources */,
				DDBFEEA828578FD2003E9662 /* UnderlineSegmentedControl.swift in Sources */,
				DD4D4930288478BB00E25AB6 /* DeleteParticipationAPI.swift in Sources */,
				DD61256F2879D0F3002FBF4D /* BookmarkViewController.swift in Sources */,
				DD5A19052875C03D00903616 /* UserDataModel.swift in Sources */,
				DDECAE9728674BCF001C48D3 /* LoginSuccessViewController.swift in Sources */,
				DDB1CCA4285EED3600B42EDC /* SettingTableViewCell.swift in Sources */,
				DDECAE9A286AB0E3001C48D3 /* FilterViewController.swift in Sources */,
				DD5A18E1286F321500903616 /* HomeDetailViewController.swift in Sources */,
				DD90E9A7284CF78D00B19B8C /* UIButton.swift in Sources */,
				DDFD6EE2284F2A8800A1706F /* LoginRegionViewController.swift in Sources */,
				DD2EA46828487F730004D707 /* SceneDelegate.swift in Sources */,
				DD60C1D8287EF36F003B201E /* UserResponseModel.swift in Sources */,
				DDBFEEAC285792EC003E9662 /* CommentMySelfViewController.swift in Sources */,
				DDFD6EEC2855B34600A1706F /* LoginSemiCompleteViewController.swift in Sources */,
			);
			runOnlyForDeploymentPostprocessing = 0;
		};
/* End PBXSourcesBuildPhase section */

/* Begin PBXVariantGroup section */
		DD2EA47028487F770004D707 /* LaunchScreen.storyboard */ = {
			isa = PBXVariantGroup;
			children = (
				DD2EA47128487F770004D707 /* Base */,
			);
			name = LaunchScreen.storyboard;
			sourceTree = "<group>";
		};
/* End PBXVariantGroup section */

/* Begin XCBuildConfiguration section */
		DD2EA47428487F770004D707 /* Debug */ = {
			isa = XCBuildConfiguration;
			buildSettings = {
				ALWAYS_SEARCH_USER_PATHS = NO;
				CLANG_ANALYZER_NONNULL = YES;
				CLANG_ANALYZER_NUMBER_OBJECT_CONVERSION = YES_AGGRESSIVE;
				CLANG_CXX_LANGUAGE_STANDARD = "gnu++17";
				CLANG_ENABLE_MODULES = YES;
				CLANG_ENABLE_OBJC_ARC = YES;
				CLANG_ENABLE_OBJC_WEAK = YES;
				CLANG_WARN_BLOCK_CAPTURE_AUTORELEASING = YES;
				CLANG_WARN_BOOL_CONVERSION = YES;
				CLANG_WARN_COMMA = YES;
				CLANG_WARN_CONSTANT_CONVERSION = YES;
				CLANG_WARN_DEPRECATED_OBJC_IMPLEMENTATIONS = YES;
				CLANG_WARN_DIRECT_OBJC_ISA_USAGE = YES_ERROR;
				CLANG_WARN_DOCUMENTATION_COMMENTS = YES;
				CLANG_WARN_EMPTY_BODY = YES;
				CLANG_WARN_ENUM_CONVERSION = YES;
				CLANG_WARN_INFINITE_RECURSION = YES;
				CLANG_WARN_INT_CONVERSION = YES;
				CLANG_WARN_NON_LITERAL_NULL_CONVERSION = YES;
				CLANG_WARN_OBJC_IMPLICIT_RETAIN_SELF = YES;
				CLANG_WARN_OBJC_LITERAL_CONVERSION = YES;
				CLANG_WARN_OBJC_ROOT_CLASS = YES_ERROR;
				CLANG_WARN_QUOTED_INCLUDE_IN_FRAMEWORK_HEADER = YES;
				CLANG_WARN_RANGE_LOOP_ANALYSIS = YES;
				CLANG_WARN_STRICT_PROTOTYPES = YES;
				CLANG_WARN_SUSPICIOUS_MOVE = YES;
				CLANG_WARN_UNGUARDED_AVAILABILITY = YES_AGGRESSIVE;
				CLANG_WARN_UNREACHABLE_CODE = YES;
				CLANG_WARN__DUPLICATE_METHOD_MATCH = YES;
				COPY_PHASE_STRIP = NO;
				DEBUG_INFORMATION_FORMAT = dwarf;
				ENABLE_STRICT_OBJC_MSGSEND = YES;
				ENABLE_TESTABILITY = YES;
				GCC_C_LANGUAGE_STANDARD = gnu11;
				GCC_DYNAMIC_NO_PIC = NO;
				GCC_NO_COMMON_BLOCKS = YES;
				GCC_OPTIMIZATION_LEVEL = 0;
				GCC_PREPROCESSOR_DEFINITIONS = (
					"DEBUG=1",
					"$(inherited)",
				);
				GCC_WARN_64_TO_32_BIT_CONVERSION = YES;
				GCC_WARN_ABOUT_RETURN_TYPE = YES_ERROR;
				GCC_WARN_UNDECLARED_SELECTOR = YES;
				GCC_WARN_UNINITIALIZED_AUTOS = YES_AGGRESSIVE;
				GCC_WARN_UNUSED_FUNCTION = YES;
				GCC_WARN_UNUSED_VARIABLE = YES;
				IPHONEOS_DEPLOYMENT_TARGET = 15.4;
				MTL_ENABLE_DEBUG_INFO = INCLUDE_SOURCE;
				MTL_FAST_MATH = YES;
				ONLY_ACTIVE_ARCH = YES;
				SDKROOT = iphoneos;
				SWIFT_ACTIVE_COMPILATION_CONDITIONS = DEBUG;
				SWIFT_OPTIMIZATION_LEVEL = "-Onone";
			};
			name = Debug;
		};
		DD2EA47528487F770004D707 /* Release */ = {
			isa = XCBuildConfiguration;
			buildSettings = {
				ALWAYS_SEARCH_USER_PATHS = NO;
				CLANG_ANALYZER_NONNULL = YES;
				CLANG_ANALYZER_NUMBER_OBJECT_CONVERSION = YES_AGGRESSIVE;
				CLANG_CXX_LANGUAGE_STANDARD = "gnu++17";
				CLANG_ENABLE_MODULES = YES;
				CLANG_ENABLE_OBJC_ARC = YES;
				CLANG_ENABLE_OBJC_WEAK = YES;
				CLANG_WARN_BLOCK_CAPTURE_AUTORELEASING = YES;
				CLANG_WARN_BOOL_CONVERSION = YES;
				CLANG_WARN_COMMA = YES;
				CLANG_WARN_CONSTANT_CONVERSION = YES;
				CLANG_WARN_DEPRECATED_OBJC_IMPLEMENTATIONS = YES;
				CLANG_WARN_DIRECT_OBJC_ISA_USAGE = YES_ERROR;
				CLANG_WARN_DOCUMENTATION_COMMENTS = YES;
				CLANG_WARN_EMPTY_BODY = YES;
				CLANG_WARN_ENUM_CONVERSION = YES;
				CLANG_WARN_INFINITE_RECURSION = YES;
				CLANG_WARN_INT_CONVERSION = YES;
				CLANG_WARN_NON_LITERAL_NULL_CONVERSION = YES;
				CLANG_WARN_OBJC_IMPLICIT_RETAIN_SELF = YES;
				CLANG_WARN_OBJC_LITERAL_CONVERSION = YES;
				CLANG_WARN_OBJC_ROOT_CLASS = YES_ERROR;
				CLANG_WARN_QUOTED_INCLUDE_IN_FRAMEWORK_HEADER = YES;
				CLANG_WARN_RANGE_LOOP_ANALYSIS = YES;
				CLANG_WARN_STRICT_PROTOTYPES = YES;
				CLANG_WARN_SUSPICIOUS_MOVE = YES;
				CLANG_WARN_UNGUARDED_AVAILABILITY = YES_AGGRESSIVE;
				CLANG_WARN_UNREACHABLE_CODE = YES;
				CLANG_WARN__DUPLICATE_METHOD_MATCH = YES;
				COPY_PHASE_STRIP = NO;
				DEBUG_INFORMATION_FORMAT = "dwarf-with-dsym";
				ENABLE_NS_ASSERTIONS = NO;
				ENABLE_STRICT_OBJC_MSGSEND = YES;
				GCC_C_LANGUAGE_STANDARD = gnu11;
				GCC_NO_COMMON_BLOCKS = YES;
				GCC_WARN_64_TO_32_BIT_CONVERSION = YES;
				GCC_WARN_ABOUT_RETURN_TYPE = YES_ERROR;
				GCC_WARN_UNDECLARED_SELECTOR = YES;
				GCC_WARN_UNINITIALIZED_AUTOS = YES_AGGRESSIVE;
				GCC_WARN_UNUSED_FUNCTION = YES;
				GCC_WARN_UNUSED_VARIABLE = YES;
				IPHONEOS_DEPLOYMENT_TARGET = 15.4;
				MTL_ENABLE_DEBUG_INFO = NO;
				MTL_FAST_MATH = YES;
				SDKROOT = iphoneos;
				SWIFT_COMPILATION_MODE = wholemodule;
				SWIFT_OPTIMIZATION_LEVEL = "-O";
				VALIDATE_PRODUCT = YES;
			};
			name = Release;
		};
		DD2EA47728487F770004D707 /* Debug */ = {
			isa = XCBuildConfiguration;
			baseConfigurationReference = BFCA014EE683AACD32E6826C /* Pods-FINPO.debug.xcconfig */;
			buildSettings = {
				ASSETCATALOG_COMPILER_APPICON_NAME = AppIcon;
				ASSETCATALOG_COMPILER_GLOBAL_ACCENT_COLOR_NAME = AccentColor;
				CODE_SIGN_ENTITLEMENTS = FINPO/FINPO.entitlements;
				CODE_SIGN_STYLE = Automatic;
				CURRENT_PROJECT_VERSION = 7;
				DEVELOPMENT_TEAM = 6P7X76PR5Q;
				GENERATE_INFOPLIST_FILE = YES;
				INFOPLIST_FILE = FINPO/Info.plist;
				INFOPLIST_KEY_NSCameraUsageDescription = "앨범 접근을 위해선 권한이 필요합니다.";
				INFOPLIST_KEY_NSPhotoLibraryUsageDescription = "사진 촬영을 위해선 권한이 필요합니다.";
				INFOPLIST_KEY_UIApplicationSupportsIndirectInputEvents = YES;
				INFOPLIST_KEY_UILaunchStoryboardName = LaunchScreen;
				INFOPLIST_KEY_UIMainStoryboardFile = "";
				INFOPLIST_KEY_UISupportedInterfaceOrientations_iPad = "UIInterfaceOrientationPortrait UIInterfaceOrientationPortraitUpsideDown UIInterfaceOrientationLandscapeLeft UIInterfaceOrientationLandscapeRight";
				INFOPLIST_KEY_UISupportedInterfaceOrientations_iPhone = "UIInterfaceOrientationPortrait UIInterfaceOrientationLandscapeLeft UIInterfaceOrientationLandscapeRight";
				INFOPLIST_KEY_UIUserInterfaceStyle = Light;
				LD_RUNPATH_SEARCH_PATHS = (
					"$(inherited)",
					"@executable_path/Frameworks",
				);
				MARKETING_VERSION = 1.0.2;
				PRODUCT_BUNDLE_IDENTIFIER = LeePaper.FINPO;
				PRODUCT_NAME = "$(TARGET_NAME)";
				SWIFT_EMIT_LOC_STRINGS = YES;
				SWIFT_VERSION = 5.0;
				TARGETED_DEVICE_FAMILY = "1,2";
			};
			name = Debug;
		};
		DD2EA47828487F770004D707 /* Release */ = {
			isa = XCBuildConfiguration;
			baseConfigurationReference = 270C28813D04C9316FCC87A8 /* Pods-FINPO.release.xcconfig */;
			buildSettings = {
				ASSETCATALOG_COMPILER_APPICON_NAME = AppIcon;
				ASSETCATALOG_COMPILER_GLOBAL_ACCENT_COLOR_NAME = AccentColor;
				CODE_SIGN_ENTITLEMENTS = FINPO/FINPO.entitlements;
				CODE_SIGN_STYLE = Automatic;
				CURRENT_PROJECT_VERSION = 7;
				DEVELOPMENT_TEAM = 6P7X76PR5Q;
				GENERATE_INFOPLIST_FILE = YES;
				INFOPLIST_FILE = FINPO/Info.plist;
				INFOPLIST_KEY_NSCameraUsageDescription = "앨범 접근을 위해선 권한이 필요합니다.";
				INFOPLIST_KEY_NSPhotoLibraryUsageDescription = "사진 촬영을 위해선 권한이 필요합니다.";
				INFOPLIST_KEY_UIApplicationSupportsIndirectInputEvents = YES;
				INFOPLIST_KEY_UILaunchStoryboardName = LaunchScreen;
				INFOPLIST_KEY_UIMainStoryboardFile = "";
				INFOPLIST_KEY_UISupportedInterfaceOrientations_iPad = "UIInterfaceOrientationPortrait UIInterfaceOrientationPortraitUpsideDown UIInterfaceOrientationLandscapeLeft UIInterfaceOrientationLandscapeRight";
				INFOPLIST_KEY_UISupportedInterfaceOrientations_iPhone = "UIInterfaceOrientationPortrait UIInterfaceOrientationLandscapeLeft UIInterfaceOrientationLandscapeRight";
				INFOPLIST_KEY_UIUserInterfaceStyle = Light;
				LD_RUNPATH_SEARCH_PATHS = (
					"$(inherited)",
					"@executable_path/Frameworks",
				);
				MARKETING_VERSION = 1.0.2;
				PRODUCT_BUNDLE_IDENTIFIER = LeePaper.FINPO;
				PRODUCT_NAME = "$(TARGET_NAME)";
				SWIFT_EMIT_LOC_STRINGS = YES;
				SWIFT_VERSION = 5.0;
				TARGETED_DEVICE_FAMILY = "1,2";
			};
			name = Release;
		};
/* End XCBuildConfiguration section */

/* Begin XCConfigurationList section */
		DD2EA45D28487F730004D707 /* Build configuration list for PBXProject "FINPO" */ = {
			isa = XCConfigurationList;
			buildConfigurations = (
				DD2EA47428487F770004D707 /* Debug */,
				DD2EA47528487F770004D707 /* Release */,
			);
			defaultConfigurationIsVisible = 0;
			defaultConfigurationName = Release;
		};
		DD2EA47628487F770004D707 /* Build configuration list for PBXNativeTarget "FINPO" */ = {
			isa = XCConfigurationList;
			buildConfigurations = (
				DD2EA47728487F770004D707 /* Debug */,
				DD2EA47828487F770004D707 /* Release */,
			);
			defaultConfigurationIsVisible = 0;
			defaultConfigurationName = Release;
		};
/* End XCConfigurationList section */

/* Begin XCRemoteSwiftPackageReference section */
		DD5A18DB286DE16F00903616 /* XCRemoteSwiftPackageReference "firebase-ios-sdk" */ = {
			isa = XCRemoteSwiftPackageReference;
			repositoryURL = "https://github.com/firebase/firebase-ios-sdk.git";
			requirement = {
				kind = upToNextMajorVersion;
				minimumVersion = 9.0.0;
			};
		};
		DDBFEEA428571689003E9662 /* XCRemoteSwiftPackageReference "Kingfisher" */ = {
			isa = XCRemoteSwiftPackageReference;
			repositoryURL = "https://github.com/onevcat/Kingfisher.git";
			requirement = {
				branch = master;
				kind = branch;
			};
		};
/* End XCRemoteSwiftPackageReference section */

/* Begin XCSwiftPackageProductDependency section */
		DD5A18DC286DE16F00903616 /* FirebaseMessaging */ = {
			isa = XCSwiftPackageProductDependency;
			package = DD5A18DB286DE16F00903616 /* XCRemoteSwiftPackageReference "firebase-ios-sdk" */;
			productName = FirebaseMessaging;
		};
		DDBFEEA528571689003E9662 /* Kingfisher */ = {
			isa = XCSwiftPackageProductDependency;
			package = DDBFEEA428571689003E9662 /* XCRemoteSwiftPackageReference "Kingfisher" */;
			productName = Kingfisher;
		};
/* End XCSwiftPackageProductDependency section */
	};
	rootObject = DD2EA45A28487F730004D707 /* Project object */;
}
